// !$*UTF8*$!
{
	archiveVersion = 1;
	classes = {
	};
	objectVersion = 50;
	objects = {

/* Begin PBXBuildFile section */
		DFEC090B9E0B6E83F8AE647D /* Pods_NoiseGeneratorSwiftUI.framework in Frameworks */ = {isa = PBXBuildFile; fileRef = 8892154ED79F3C714BF7E533 /* Pods_NoiseGeneratorSwiftUI.framework */; };
		FA00559C246AD78B000B16C7 /* KeyboardExtensions.swift in Sources */ = {isa = PBXBuildFile; fileRef = FA00559B246AD78B000B16C7 /* KeyboardExtensions.swift */; };
		FA00559E246ADA22000B16C7 /* AnyGestureRecognizer.swift in Sources */ = {isa = PBXBuildFile; fileRef = FA00559D246ADA22000B16C7 /* AnyGestureRecognizer.swift */; };
		FA01D7F6247EB02800BF9538 /* HeaderKeyboard.swift in Sources */ = {isa = PBXBuildFile; fileRef = FA01D7F5247EB02800BF9538 /* HeaderKeyboard.swift */; };
		FA093A362448A94A00BCD16C /* AudioEffect.swift in Sources */ = {isa = PBXBuildFile; fileRef = FA093A352448A94A00BCD16C /* AudioEffect.swift */; };
		FA0A68672469FF590016534A /* Tempo.swift in Sources */ = {isa = PBXBuildFile; fileRef = FA0A68662469FF590016534A /* Tempo.swift */; };
		FA0A6869246A01ED0016534A /* MainHeader.swift in Sources */ = {isa = PBXBuildFile; fileRef = FA0A6868246A01ED0016534A /* MainHeader.swift */; };
		FA1211A1246C31460077941E /* KeyBoard.swift in Sources */ = {isa = PBXBuildFile; fileRef = FA1211A0246C31460077941E /* KeyBoard.swift */; };
		FA1A0E0024772F8B00A8FC7D /* WavetableDisplay.swift in Sources */ = {isa = PBXBuildFile; fileRef = FA1A0DFF24772F8B00A8FC7D /* WavetableDisplay.swift */; };
		FA1C4B3A2458BEB600A7E442 /* VolumeComplete.swift in Sources */ = {isa = PBXBuildFile; fileRef = FA1C4B392458BEB600A7E442 /* VolumeComplete.swift */; };
		FA1C4B3C2459C7D700A7E442 /* EffectRow.swift in Sources */ = {isa = PBXBuildFile; fileRef = FA1C4B3B2459C7D700A7E442 /* EffectRow.swift */; };
		FA220F62245483C700AACE5B /* KnobCompleteModel.swift in Sources */ = {isa = PBXBuildFile; fileRef = FA220F61245483C700AACE5B /* KnobCompleteModel.swift */; };
		FA27D2FF24743D9D008BC9D3 /* VolumeMixer.swift in Sources */ = {isa = PBXBuildFile; fileRef = FA27D2FE24743D9D008BC9D3 /* VolumeMixer.swift */; };
		FA27D301247480CF008BC9D3 /* BlockDisplaySelect.swift in Sources */ = {isa = PBXBuildFile; fileRef = FA27D300247480CF008BC9D3 /* BlockDisplaySelect.swift */; };
		FA2A4FB92475EFEF00D246BD /* KnobVerticalStack.swift in Sources */ = {isa = PBXBuildFile; fileRef = FA2A4FB82475EFEF00D246BD /* KnobVerticalStack.swift */; };
		FA33B4492465953E00387F0B /* Styles.swift in Sources */ = {isa = PBXBuildFile; fileRef = FA33B4482465953E00387F0B /* Styles.swift */; };
		FA33B44C246595C100387F0B /* TextExtension.swift in Sources */ = {isa = PBXBuildFile; fileRef = FA33B44B246595C100387F0B /* TextExtension.swift */; };
		FA3565D12450D963004AFA8C /* AddEffectForm.swift in Sources */ = {isa = PBXBuildFile; fileRef = FA3565D02450D963004AFA8C /* AddEffectForm.swift */; };
		FA377A3624317C3000CBE2C4 /* AppDelegate.swift in Sources */ = {isa = PBXBuildFile; fileRef = FA377A3524317C3000CBE2C4 /* AppDelegate.swift */; };
		FA377A3824317C3000CBE2C4 /* SceneDelegate.swift in Sources */ = {isa = PBXBuildFile; fileRef = FA377A3724317C3000CBE2C4 /* SceneDelegate.swift */; };
		FA377A3A24317C3000CBE2C4 /* ContentView.swift in Sources */ = {isa = PBXBuildFile; fileRef = FA377A3924317C3000CBE2C4 /* ContentView.swift */; };
		FA377A3C24317C3100CBE2C4 /* Assets.xcassets in Resources */ = {isa = PBXBuildFile; fileRef = FA377A3B24317C3100CBE2C4 /* Assets.xcassets */; };
		FA377A3F24317C3100CBE2C4 /* Preview Assets.xcassets in Resources */ = {isa = PBXBuildFile; fileRef = FA377A3E24317C3100CBE2C4 /* Preview Assets.xcassets */; };
		FA377A4224317C3100CBE2C4 /* LaunchScreen.storyboard in Resources */ = {isa = PBXBuildFile; fileRef = FA377A4024317C3100CBE2C4 /* LaunchScreen.storyboard */; };
		FA377A4B24317C4500CBE2C4 /* AudioKit.framework in Frameworks */ = {isa = PBXBuildFile; fileRef = FA377A4A24317C4500CBE2C4 /* AudioKit.framework */; };
		FA377A4C24317C4500CBE2C4 /* AudioKit.framework in Embed Frameworks */ = {isa = PBXBuildFile; fileRef = FA377A4A24317C4500CBE2C4 /* AudioKit.framework */; settings = {ATTRIBUTES = (CodeSignOnCopy, RemoveHeadersOnCopy, ); }; };
		FA377A4F24317CAB00CBE2C4 /* Conductor.swift in Sources */ = {isa = PBXBuildFile; fileRef = FA377A4E24317CAB00CBE2C4 /* Conductor.swift */; };
		FA377A51243228DE00CBE2C4 /* TriangleControl.swift in Sources */ = {isa = PBXBuildFile; fileRef = FA377A50243228DE00CBE2C4 /* TriangleControl.swift */; };
		FA377A992434CD7A00CBE2C4 /* TriangleDrag.swift in Sources */ = {isa = PBXBuildFile; fileRef = FA377A982434CD7A00CBE2C4 /* TriangleDrag.swift */; };
		FA3CBB44246D7134009DE169 /* MorphingOscillatorView.swift in Sources */ = {isa = PBXBuildFile; fileRef = FA3CBB43246D7134009DE169 /* MorphingOscillatorView.swift */; };
		FA4FDC71243F7C5600325F89 /* KnobComplete.swift in Sources */ = {isa = PBXBuildFile; fileRef = FA4FDC70243F7C5600325F89 /* KnobComplete.swift */; };
		FA6ACFBA24573ADE0009CC20 /* SlidingTriangle.swift in Sources */ = {isa = PBXBuildFile; fileRef = FA6ACFB924573ADE0009CC20 /* SlidingTriangle.swift */; };
		FA6ACFBC24573D720009CC20 /* VolumeControl.swift in Sources */ = {isa = PBXBuildFile; fileRef = FA6ACFBB24573D710009CC20 /* VolumeControl.swift */; };
		FA791501244D333500C45D1A /* ColorExtension.swift in Sources */ = {isa = PBXBuildFile; fileRef = FA791500244D333500C45D1A /* ColorExtension.swift */; };
		FA7AF36E2474BA9B00D0DA7F /* MainBlocks.swift in Sources */ = {isa = PBXBuildFile; fileRef = FA7AF36D2474BA9B00D0DA7F /* MainBlocks.swift */; };
		FA7C8417247F1E5400F2B553 /* myKeyboard.swift in Sources */ = {isa = PBXBuildFile; fileRef = FA7C8416247F1E5400F2B553 /* myKeyboard.swift */; };
		FA7DA85D2469874600822786 /* MasterOutputView.swift in Sources */ = {isa = PBXBuildFile; fileRef = FA7DA85C2469874600822786 /* MasterOutputView.swift */; };
		FA7DA85F2469C03000822786 /* StereoVolumeDisplay.swift in Sources */ = {isa = PBXBuildFile; fileRef = FA7DA85E2469C03000822786 /* StereoVolumeDisplay.swift */; };
		FA81DF98245C6B4500473657 /* NoiseGenerator.swift in Sources */ = {isa = PBXBuildFile; fileRef = FA81DF97245C6B4500473657 /* NoiseGenerator.swift */; };
		FA81DF9A245C87FF00473657 /* TitleBar.swift in Sources */ = {isa = PBXBuildFile; fileRef = FA81DF99245C87FF00473657 /* TitleBar.swift */; };
		FA81DFA5245CDAAD00473657 /* PatternGraph.swift in Sources */ = {isa = PBXBuildFile; fileRef = FA81DFA4245CDAAD00473657 /* PatternGraph.swift */; };
		FA83C0242442EA8700568204 /* TwoControlTemplate.swift in Sources */ = {isa = PBXBuildFile; fileRef = FA83C0232442EA8700568204 /* TwoControlTemplate.swift */; };
		FA855A822442575D0024787D /* PresetPicker.swift in Sources */ = {isa = PBXBuildFile; fileRef = FA855A812442575D0024787D /* PresetPicker.swift */; };
		FA89B9C6247CB34C002593C3 /* iPhoneModel.swift in Sources */ = {isa = PBXBuildFile; fileRef = FA89B9C5247CB34C002593C3 /* iPhoneModel.swift */; };
		FA8B61C62461C04F0029DD68 /* Pattern.swift in Sources */ = {isa = PBXBuildFile; fileRef = FA8B61C52461C04F0029DD68 /* Pattern.swift */; };
		FA922F932448D9E100C63DAD /* FourControlTemplate.swift in Sources */ = {isa = PBXBuildFile; fileRef = FA922F922448D9E100C63DAD /* FourControlTemplate.swift */; };
		FA986B4C243B611000700156 /* Audiobus.swift in Sources */ = {isa = PBXBuildFile; fileRef = FA986B4B243B611000700156 /* Audiobus.swift */; };
		FA9CFE162476B33800DAD510 /* ADSR.swift in Sources */ = {isa = PBXBuildFile; fileRef = FA9CFE152476B33800DAD510 /* ADSR.swift */; };
		FAA44E6E247FEC5A00F7ADB7 /* Conductor+MidiListener.swift in Sources */ = {isa = PBXBuildFile; fileRef = FAA44E6D247FEC5A00F7ADB7 /* Conductor+MidiListener.swift */; };
		FAA44E70247FF28700F7ADB7 /* Conductor+ParameterHandoff.swift in Sources */ = {isa = PBXBuildFile; fileRef = FAA44E6F247FF28700F7ADB7 /* Conductor+ParameterHandoff.swift */; };
		FAA44E72247FF3AE00F7ADB7 /* DeviceLayout.swift in Sources */ = {isa = PBXBuildFile; fileRef = FAA44E71247FF3AE00F7ADB7 /* DeviceLayout.swift */; };
		FAA44E74247FF4F300F7ADB7 /* Conductor+ModulationDelegateUI.swift in Sources */ = {isa = PBXBuildFile; fileRef = FAA44E73247FF4F300F7ADB7 /* Conductor+ModulationDelegateUI.swift */; };
		FAA6F3FC2440D8BE0025DBFF /* TextPicker.swift in Sources */ = {isa = PBXBuildFile; fileRef = FAA6F3FB2440D8BE0025DBFF /* TextPicker.swift */; };
		FAAA3CC224687EEF00CA2E47 /* GridLines.swift in Sources */ = {isa = PBXBuildFile; fileRef = FAAA3CC124687EEF00CA2E47 /* GridLines.swift */; };
		FAAA3CC424689BC300CA2E47 /* PatternAdjust.swift in Sources */ = {isa = PBXBuildFile; fileRef = FAAA3CC324689BC300CA2E47 /* PatternAdjust.swift */; };
		FAAA3CC62468A42300CA2E47 /* MiniPattern.swift in Sources */ = {isa = PBXBuildFile; fileRef = FAAA3CC52468A42300CA2E47 /* MiniPattern.swift */; };
		FAAB7189246743C700B884B3 /* ExternalSourceView.swift in Sources */ = {isa = PBXBuildFile; fileRef = FAAB7188246743C700B884B3 /* ExternalSourceView.swift */; };
		FAAE1EF42475C1D3007C0443 /* OscillatorTitleBar.swift in Sources */ = {isa = PBXBuildFile; fileRef = FAAE1EF32475C1D3007C0443 /* OscillatorTitleBar.swift */; };
		FAB33A9F2456344F00696E83 /* VolumeDisplay.swift in Sources */ = {isa = PBXBuildFile; fileRef = FAB33A9E2456344F00696E83 /* VolumeDisplay.swift */; };
		FAB700DF24531CCE0053F13A /* Modulation.swift in Sources */ = {isa = PBXBuildFile; fileRef = FAB700DE24531CCE0053F13A /* Modulation.swift */; };
		FAB700E1245328790053F13A /* ModulationView.swift in Sources */ = {isa = PBXBuildFile; fileRef = FAB700E0245328790053F13A /* ModulationView.swift */; };
		FABEB093246E22AA00C2F424 /* BluetoothMidiView.swift in Sources */ = {isa = PBXBuildFile; fileRef = FABEB092246E22AA00C2F424 /* BluetoothMidiView.swift */; };
		FAC0BD64243934C100E24C9A /* AudioToolbox.framework in Frameworks */ = {isa = PBXBuildFile; fileRef = FAC0BD63243934C100E24C9A /* AudioToolbox.framework */; };
		FAC1F4A6245A4F39007E1331 /* PowerButton.swift in Sources */ = {isa = PBXBuildFile; fileRef = FAC1F4A5245A4F39007E1331 /* PowerButton.swift */; };
		FAC8B6B524807D4800C4C1C5 /* NoiseTitleBar.swift in Sources */ = {isa = PBXBuildFile; fileRef = FAC8B6B424807D4800C4C1C5 /* NoiseTitleBar.swift */; };
		FAC8B6B724808F3100C4C1C5 /* EffectTitleBar.swift in Sources */ = {isa = PBXBuildFile; fileRef = FAC8B6B624808F3100C4C1C5 /* EffectTitleBar.swift */; };
		FAC8D75A243B758C0010078B /* Audiobus.txt in Resources */ = {isa = PBXBuildFile; fileRef = FAC8D759243B758C0010078B /* Audiobus.txt */; };
		FAD334E7243E6410009B0DDF /* KnobControl.swift in Sources */ = {isa = PBXBuildFile; fileRef = FAD334E6243E6410009B0DDF /* KnobControl.swift */; };
		FAD6505E245251D600B10110 /* RepeatingTimer.swift in Sources */ = {isa = PBXBuildFile; fileRef = FAD6505D245251D600B10110 /* RepeatingTimer.swift */; };
		FADBBC70246FF1B5004C58B5 /* BluetoothIcon.swift in Sources */ = {isa = PBXBuildFile; fileRef = FADBBC6F246FF1B5004C58B5 /* BluetoothIcon.swift */; };
		FAE0DD66247C15800090C3A2 /* Wavetable3DView.swift in Sources */ = {isa = PBXBuildFile; fileRef = FAE0DD65247C15800090C3A2 /* Wavetable3DView.swift */; };
		FAE707D62465DC3500F27B31 /* AudioSource.swift in Sources */ = {isa = PBXBuildFile; fileRef = FAE707D52465DC3500F27B31 /* AudioSource.swift */; };
		FAE707D82465F80C00F27B31 /* AudioSourceView.swift in Sources */ = {isa = PBXBuildFile; fileRef = FAE707D72465F80C00F27B31 /* AudioSourceView.swift */; };
		FAE707DA2465F90200F27B31 /* AudioEffectView.swift in Sources */ = {isa = PBXBuildFile; fileRef = FAE707D92465F90200F27B31 /* AudioEffectView.swift */; };
		FAE707DC2465FA4400F27B31 /* ModulationSourceView.swift in Sources */ = {isa = PBXBuildFile; fileRef = FAE707DB2465FA4400F27B31 /* ModulationSourceView.swift */; };
		FAE707E02466186000F27B31 /* AddInputDeviceForm.swift in Sources */ = {isa = PBXBuildFile; fileRef = FAE707DF2466186000F27B31 /* AddInputDeviceForm.swift */; };
		FAE707E32466188900F27B31 /* InputDeviceRow.swift in Sources */ = {isa = PBXBuildFile; fileRef = FAE707E22466188900F27B31 /* InputDeviceRow.swift */; };
		FAEED71324811C8A00B1F723 /* SourceCategoryRow.swift in Sources */ = {isa = PBXBuildFile; fileRef = FAEED71224811C8A00B1F723 /* SourceCategoryRow.swift */; };
		FAEED71524811DD800B1F723 /* SourceCategoriesForm.swift in Sources */ = {isa = PBXBuildFile; fileRef = FAEED71424811DD800B1F723 /* SourceCategoriesForm.swift */; };
		FAEED717248129F600B1F723 /* AddOscillatorForm.swift in Sources */ = {isa = PBXBuildFile; fileRef = FAEED716248129F600B1F723 /* AddOscillatorForm.swift */; };
		FAFC130A243CF9AB009D1169 /* Knob.swift in Sources */ = {isa = PBXBuildFile; fileRef = FAFC1309243CF9AB009D1169 /* Knob.swift */; };
/* End PBXBuildFile section */

/* Begin PBXCopyFilesBuildPhase section */
		FA377A4D24317C4500CBE2C4 /* Embed Frameworks */ = {
			isa = PBXCopyFilesBuildPhase;
			buildActionMask = 2147483647;
			dstPath = "";
			dstSubfolderSpec = 10;
			files = (
				FA377A4C24317C4500CBE2C4 /* AudioKit.framework in Embed Frameworks */,
			);
			name = "Embed Frameworks";
			runOnlyForDeploymentPostprocessing = 0;
		};
/* End PBXCopyFilesBuildPhase section */

/* Begin PBXFileReference section */
		16CC8F7AF3524D0BF47ECD41 /* Pods-NoiseGeneratorSwiftUI.debug.xcconfig */ = {isa = PBXFileReference; includeInIndex = 1; lastKnownFileType = text.xcconfig; name = "Pods-NoiseGeneratorSwiftUI.debug.xcconfig"; path = "Pods/Target Support Files/Pods-NoiseGeneratorSwiftUI/Pods-NoiseGeneratorSwiftUI.debug.xcconfig"; sourceTree = "<group>"; };
		40AC8FF3BF7BDAF2A0BEA9BC /* Pods-NoiseGeneratorSwiftUI.release.xcconfig */ = {isa = PBXFileReference; includeInIndex = 1; lastKnownFileType = text.xcconfig; name = "Pods-NoiseGeneratorSwiftUI.release.xcconfig"; path = "Pods/Target Support Files/Pods-NoiseGeneratorSwiftUI/Pods-NoiseGeneratorSwiftUI.release.xcconfig"; sourceTree = "<group>"; };
		8892154ED79F3C714BF7E533 /* Pods_NoiseGeneratorSwiftUI.framework */ = {isa = PBXFileReference; explicitFileType = wrapper.framework; includeInIndex = 0; path = Pods_NoiseGeneratorSwiftUI.framework; sourceTree = BUILT_PRODUCTS_DIR; };
		FA00559B246AD78B000B16C7 /* KeyboardExtensions.swift */ = {isa = PBXFileReference; lastKnownFileType = sourcecode.swift; path = KeyboardExtensions.swift; sourceTree = "<group>"; };
		FA00559D246ADA22000B16C7 /* AnyGestureRecognizer.swift */ = {isa = PBXFileReference; lastKnownFileType = sourcecode.swift; path = AnyGestureRecognizer.swift; sourceTree = "<group>"; };
		FA01D7F5247EB02800BF9538 /* HeaderKeyboard.swift */ = {isa = PBXFileReference; lastKnownFileType = sourcecode.swift; path = HeaderKeyboard.swift; sourceTree = "<group>"; };
		FA093A352448A94A00BCD16C /* AudioEffect.swift */ = {isa = PBXFileReference; lastKnownFileType = sourcecode.swift; path = AudioEffect.swift; sourceTree = "<group>"; };
		FA0A68662469FF590016534A /* Tempo.swift */ = {isa = PBXFileReference; lastKnownFileType = sourcecode.swift; path = Tempo.swift; sourceTree = "<group>"; };
		FA0A6868246A01ED0016534A /* MainHeader.swift */ = {isa = PBXFileReference; lastKnownFileType = sourcecode.swift; path = MainHeader.swift; sourceTree = "<group>"; };
		FA1211A0246C31460077941E /* KeyBoard.swift */ = {isa = PBXFileReference; lastKnownFileType = sourcecode.swift; path = KeyBoard.swift; sourceTree = "<group>"; };
		FA1A0DFF24772F8B00A8FC7D /* WavetableDisplay.swift */ = {isa = PBXFileReference; lastKnownFileType = sourcecode.swift; path = WavetableDisplay.swift; sourceTree = "<group>"; };
		FA1C4B392458BEB600A7E442 /* VolumeComplete.swift */ = {isa = PBXFileReference; lastKnownFileType = sourcecode.swift; path = VolumeComplete.swift; sourceTree = "<group>"; };
		FA1C4B3B2459C7D700A7E442 /* EffectRow.swift */ = {isa = PBXFileReference; lastKnownFileType = sourcecode.swift; path = EffectRow.swift; sourceTree = "<group>"; };
		FA220F61245483C700AACE5B /* KnobCompleteModel.swift */ = {isa = PBXFileReference; lastKnownFileType = sourcecode.swift; path = KnobCompleteModel.swift; sourceTree = "<group>"; };
		FA27D2FE24743D9D008BC9D3 /* VolumeMixer.swift */ = {isa = PBXFileReference; lastKnownFileType = sourcecode.swift; path = VolumeMixer.swift; sourceTree = "<group>"; };
		FA27D300247480CF008BC9D3 /* BlockDisplaySelect.swift */ = {isa = PBXFileReference; lastKnownFileType = sourcecode.swift; path = BlockDisplaySelect.swift; sourceTree = "<group>"; };
		FA2A4FB82475EFEF00D246BD /* KnobVerticalStack.swift */ = {isa = PBXFileReference; lastKnownFileType = sourcecode.swift; path = KnobVerticalStack.swift; sourceTree = "<group>"; };
		FA33B4482465953E00387F0B /* Styles.swift */ = {isa = PBXFileReference; lastKnownFileType = sourcecode.swift; path = Styles.swift; sourceTree = "<group>"; };
		FA33B44B246595C100387F0B /* TextExtension.swift */ = {isa = PBXFileReference; lastKnownFileType = sourcecode.swift; path = TextExtension.swift; sourceTree = "<group>"; };
		FA3565D02450D963004AFA8C /* AddEffectForm.swift */ = {isa = PBXFileReference; lastKnownFileType = sourcecode.swift; path = AddEffectForm.swift; sourceTree = "<group>"; };
		FA377A3224317C3000CBE2C4 /* NoiseGeneratorSwiftUI.app */ = {isa = PBXFileReference; explicitFileType = wrapper.application; includeInIndex = 0; path = NoiseGeneratorSwiftUI.app; sourceTree = BUILT_PRODUCTS_DIR; };
		FA377A3524317C3000CBE2C4 /* AppDelegate.swift */ = {isa = PBXFileReference; lastKnownFileType = sourcecode.swift; path = AppDelegate.swift; sourceTree = "<group>"; };
		FA377A3724317C3000CBE2C4 /* SceneDelegate.swift */ = {isa = PBXFileReference; lastKnownFileType = sourcecode.swift; path = SceneDelegate.swift; sourceTree = "<group>"; };
		FA377A3924317C3000CBE2C4 /* ContentView.swift */ = {isa = PBXFileReference; lastKnownFileType = sourcecode.swift; path = ContentView.swift; sourceTree = "<group>"; };
		FA377A3B24317C3100CBE2C4 /* Assets.xcassets */ = {isa = PBXFileReference; lastKnownFileType = folder.assetcatalog; path = Assets.xcassets; sourceTree = "<group>"; };
		FA377A3E24317C3100CBE2C4 /* Preview Assets.xcassets */ = {isa = PBXFileReference; lastKnownFileType = folder.assetcatalog; path = "Preview Assets.xcassets"; sourceTree = "<group>"; };
		FA377A4124317C3100CBE2C4 /* Base */ = {isa = PBXFileReference; lastKnownFileType = file.storyboard; name = Base; path = Base.lproj/LaunchScreen.storyboard; sourceTree = "<group>"; };
		FA377A4324317C3100CBE2C4 /* Info.plist */ = {isa = PBXFileReference; lastKnownFileType = text.plist.xml; path = Info.plist; sourceTree = "<group>"; };
		FA377A4A24317C4500CBE2C4 /* AudioKit.framework */ = {isa = PBXFileReference; lastKnownFileType = wrapper.framework; name = AudioKit.framework; path = "../../AudioKit-iOS/AudioKit.framework"; sourceTree = "<group>"; };
		FA377A4E24317CAB00CBE2C4 /* Conductor.swift */ = {isa = PBXFileReference; lastKnownFileType = sourcecode.swift; path = Conductor.swift; sourceTree = "<group>"; };
		FA377A50243228DE00CBE2C4 /* TriangleControl.swift */ = {isa = PBXFileReference; lastKnownFileType = sourcecode.swift; path = TriangleControl.swift; sourceTree = "<group>"; };
		FA377A982434CD7A00CBE2C4 /* TriangleDrag.swift */ = {isa = PBXFileReference; lastKnownFileType = sourcecode.swift; path = TriangleDrag.swift; sourceTree = "<group>"; };
		FA3CBB43246D7134009DE169 /* MorphingOscillatorView.swift */ = {isa = PBXFileReference; lastKnownFileType = sourcecode.swift; path = MorphingOscillatorView.swift; sourceTree = "<group>"; };
		FA4FDC70243F7C5600325F89 /* KnobComplete.swift */ = {isa = PBXFileReference; lastKnownFileType = sourcecode.swift; path = KnobComplete.swift; sourceTree = "<group>"; };
		FA6ACFB924573ADE0009CC20 /* SlidingTriangle.swift */ = {isa = PBXFileReference; lastKnownFileType = sourcecode.swift; path = SlidingTriangle.swift; sourceTree = "<group>"; };
		FA6ACFBB24573D710009CC20 /* VolumeControl.swift */ = {isa = PBXFileReference; lastKnownFileType = sourcecode.swift; path = VolumeControl.swift; sourceTree = "<group>"; };
		FA791500244D333500C45D1A /* ColorExtension.swift */ = {isa = PBXFileReference; lastKnownFileType = sourcecode.swift; path = ColorExtension.swift; sourceTree = "<group>"; };
		FA7AF36D2474BA9B00D0DA7F /* MainBlocks.swift */ = {isa = PBXFileReference; lastKnownFileType = sourcecode.swift; path = MainBlocks.swift; sourceTree = "<group>"; };
		FA7C8416247F1E5400F2B553 /* myKeyboard.swift */ = {isa = PBXFileReference; lastKnownFileType = sourcecode.swift; path = myKeyboard.swift; sourceTree = "<group>"; };
		FA7DA85C2469874600822786 /* MasterOutputView.swift */ = {isa = PBXFileReference; lastKnownFileType = sourcecode.swift; path = MasterOutputView.swift; sourceTree = "<group>"; };
		FA7DA85E2469C03000822786 /* StereoVolumeDisplay.swift */ = {isa = PBXFileReference; lastKnownFileType = sourcecode.swift; path = StereoVolumeDisplay.swift; sourceTree = "<group>"; };
		FA81DF97245C6B4500473657 /* NoiseGenerator.swift */ = {isa = PBXFileReference; lastKnownFileType = sourcecode.swift; path = NoiseGenerator.swift; sourceTree = "<group>"; };
		FA81DF99245C87FF00473657 /* TitleBar.swift */ = {isa = PBXFileReference; lastKnownFileType = sourcecode.swift; path = TitleBar.swift; sourceTree = "<group>"; };
		FA81DFA4245CDAAD00473657 /* PatternGraph.swift */ = {isa = PBXFileReference; lastKnownFileType = sourcecode.swift; path = PatternGraph.swift; sourceTree = "<group>"; };
		FA83C0232442EA8700568204 /* TwoControlTemplate.swift */ = {isa = PBXFileReference; lastKnownFileType = sourcecode.swift; path = TwoControlTemplate.swift; sourceTree = "<group>"; };
		FA855A812442575D0024787D /* PresetPicker.swift */ = {isa = PBXFileReference; lastKnownFileType = sourcecode.swift; path = PresetPicker.swift; sourceTree = "<group>"; };
		FA89B9C5247CB34C002593C3 /* iPhoneModel.swift */ = {isa = PBXFileReference; lastKnownFileType = sourcecode.swift; path = iPhoneModel.swift; sourceTree = "<group>"; };
		FA8B61C52461C04F0029DD68 /* Pattern.swift */ = {isa = PBXFileReference; lastKnownFileType = sourcecode.swift; path = Pattern.swift; sourceTree = "<group>"; };
		FA922F922448D9E100C63DAD /* FourControlTemplate.swift */ = {isa = PBXFileReference; lastKnownFileType = sourcecode.swift; path = FourControlTemplate.swift; sourceTree = "<group>"; };
		FA986B4A243B604500700156 /* BridgingHeader.h */ = {isa = PBXFileReference; lastKnownFileType = sourcecode.c.h; path = BridgingHeader.h; sourceTree = "<group>"; };
		FA986B4B243B611000700156 /* Audiobus.swift */ = {isa = PBXFileReference; fileEncoding = 4; lastKnownFileType = sourcecode.swift; path = Audiobus.swift; sourceTree = "<group>"; };
		FA9CFE152476B33800DAD510 /* ADSR.swift */ = {isa = PBXFileReference; lastKnownFileType = sourcecode.swift; path = ADSR.swift; sourceTree = "<group>"; };
		FAA44E6D247FEC5A00F7ADB7 /* Conductor+MidiListener.swift */ = {isa = PBXFileReference; lastKnownFileType = sourcecode.swift; path = "Conductor+MidiListener.swift"; sourceTree = "<group>"; };
		FAA44E6F247FF28700F7ADB7 /* Conductor+ParameterHandoff.swift */ = {isa = PBXFileReference; lastKnownFileType = sourcecode.swift; path = "Conductor+ParameterHandoff.swift"; sourceTree = "<group>"; };
		FAA44E71247FF3AE00F7ADB7 /* DeviceLayout.swift */ = {isa = PBXFileReference; lastKnownFileType = sourcecode.swift; path = DeviceLayout.swift; sourceTree = "<group>"; };
		FAA44E73247FF4F300F7ADB7 /* Conductor+ModulationDelegateUI.swift */ = {isa = PBXFileReference; lastKnownFileType = sourcecode.swift; path = "Conductor+ModulationDelegateUI.swift"; sourceTree = "<group>"; };
		FAA6F3FB2440D8BE0025DBFF /* TextPicker.swift */ = {isa = PBXFileReference; lastKnownFileType = sourcecode.swift; path = TextPicker.swift; sourceTree = "<group>"; };
		FAAA3CC124687EEF00CA2E47 /* GridLines.swift */ = {isa = PBXFileReference; lastKnownFileType = sourcecode.swift; path = GridLines.swift; sourceTree = "<group>"; };
		FAAA3CC324689BC300CA2E47 /* PatternAdjust.swift */ = {isa = PBXFileReference; lastKnownFileType = sourcecode.swift; path = PatternAdjust.swift; sourceTree = "<group>"; };
		FAAA3CC52468A42300CA2E47 /* MiniPattern.swift */ = {isa = PBXFileReference; lastKnownFileType = sourcecode.swift; path = MiniPattern.swift; sourceTree = "<group>"; };
		FAAB7188246743C700B884B3 /* ExternalSourceView.swift */ = {isa = PBXFileReference; lastKnownFileType = sourcecode.swift; path = ExternalSourceView.swift; sourceTree = "<group>"; };
		FAAE1EF32475C1D3007C0443 /* OscillatorTitleBar.swift */ = {isa = PBXFileReference; lastKnownFileType = sourcecode.swift; path = OscillatorTitleBar.swift; sourceTree = "<group>"; };
		FAB33A9E2456344F00696E83 /* VolumeDisplay.swift */ = {isa = PBXFileReference; lastKnownFileType = sourcecode.swift; path = VolumeDisplay.swift; sourceTree = "<group>"; };
		FAB700DE24531CCE0053F13A /* Modulation.swift */ = {isa = PBXFileReference; lastKnownFileType = sourcecode.swift; path = Modulation.swift; sourceTree = "<group>"; };
		FAB700E0245328790053F13A /* ModulationView.swift */ = {isa = PBXFileReference; lastKnownFileType = sourcecode.swift; path = ModulationView.swift; sourceTree = "<group>"; };
		FABEB092246E22AA00C2F424 /* BluetoothMidiView.swift */ = {isa = PBXFileReference; lastKnownFileType = sourcecode.swift; path = BluetoothMidiView.swift; sourceTree = "<group>"; };
		FAC0BD62243934C100E24C9A /* NoiseGeneratorSwiftUI.entitlements */ = {isa = PBXFileReference; lastKnownFileType = text.plist.entitlements; path = NoiseGeneratorSwiftUI.entitlements; sourceTree = "<group>"; };
		FAC0BD63243934C100E24C9A /* AudioToolbox.framework */ = {isa = PBXFileReference; lastKnownFileType = wrapper.framework; name = AudioToolbox.framework; path = System/Library/Frameworks/AudioToolbox.framework; sourceTree = SDKROOT; };
		FAC1F4A5245A4F39007E1331 /* PowerButton.swift */ = {isa = PBXFileReference; lastKnownFileType = sourcecode.swift; path = PowerButton.swift; sourceTree = "<group>"; };
		FAC8B6B424807D4800C4C1C5 /* NoiseTitleBar.swift */ = {isa = PBXFileReference; lastKnownFileType = sourcecode.swift; path = NoiseTitleBar.swift; sourceTree = "<group>"; };
		FAC8B6B624808F3100C4C1C5 /* EffectTitleBar.swift */ = {isa = PBXFileReference; lastKnownFileType = sourcecode.swift; path = EffectTitleBar.swift; sourceTree = "<group>"; };
		FAC8D759243B758C0010078B /* Audiobus.txt */ = {isa = PBXFileReference; lastKnownFileType = text; path = Audiobus.txt; sourceTree = "<group>"; };
		FAD334E6243E6410009B0DDF /* KnobControl.swift */ = {isa = PBXFileReference; lastKnownFileType = sourcecode.swift; path = KnobControl.swift; sourceTree = "<group>"; };
		FAD6505D245251D600B10110 /* RepeatingTimer.swift */ = {isa = PBXFileReference; lastKnownFileType = sourcecode.swift; path = RepeatingTimer.swift; sourceTree = "<group>"; };
		FADBBC6F246FF1B5004C58B5 /* BluetoothIcon.swift */ = {isa = PBXFileReference; lastKnownFileType = sourcecode.swift; path = BluetoothIcon.swift; sourceTree = "<group>"; };
		FAE0DD65247C15800090C3A2 /* Wavetable3DView.swift */ = {isa = PBXFileReference; lastKnownFileType = sourcecode.swift; path = Wavetable3DView.swift; sourceTree = "<group>"; };
		FAE707D52465DC3500F27B31 /* AudioSource.swift */ = {isa = PBXFileReference; lastKnownFileType = sourcecode.swift; path = AudioSource.swift; sourceTree = "<group>"; };
		FAE707D72465F80C00F27B31 /* AudioSourceView.swift */ = {isa = PBXFileReference; lastKnownFileType = sourcecode.swift; path = AudioSourceView.swift; sourceTree = "<group>"; };
		FAE707D92465F90200F27B31 /* AudioEffectView.swift */ = {isa = PBXFileReference; lastKnownFileType = sourcecode.swift; path = AudioEffectView.swift; sourceTree = "<group>"; };
		FAE707DB2465FA4400F27B31 /* ModulationSourceView.swift */ = {isa = PBXFileReference; lastKnownFileType = sourcecode.swift; path = ModulationSourceView.swift; sourceTree = "<group>"; };
		FAE707DF2466186000F27B31 /* AddInputDeviceForm.swift */ = {isa = PBXFileReference; lastKnownFileType = sourcecode.swift; path = AddInputDeviceForm.swift; sourceTree = "<group>"; };
		FAE707E22466188900F27B31 /* InputDeviceRow.swift */ = {isa = PBXFileReference; lastKnownFileType = sourcecode.swift; path = InputDeviceRow.swift; sourceTree = "<group>"; };
		FAEED71224811C8A00B1F723 /* SourceCategoryRow.swift */ = {isa = PBXFileReference; lastKnownFileType = sourcecode.swift; path = SourceCategoryRow.swift; sourceTree = "<group>"; };
		FAEED71424811DD800B1F723 /* SourceCategoriesForm.swift */ = {isa = PBXFileReference; lastKnownFileType = sourcecode.swift; path = SourceCategoriesForm.swift; sourceTree = "<group>"; };
		FAEED716248129F600B1F723 /* AddOscillatorForm.swift */ = {isa = PBXFileReference; lastKnownFileType = sourcecode.swift; path = AddOscillatorForm.swift; sourceTree = "<group>"; };
		FAFC1309243CF9AB009D1169 /* Knob.swift */ = {isa = PBXFileReference; lastKnownFileType = sourcecode.swift; path = Knob.swift; sourceTree = "<group>"; };
/* End PBXFileReference section */

/* Begin PBXFrameworksBuildPhase section */
		FA377A2F24317C3000CBE2C4 /* Frameworks */ = {
			isa = PBXFrameworksBuildPhase;
			buildActionMask = 2147483647;
			files = (
				FA377A4B24317C4500CBE2C4 /* AudioKit.framework in Frameworks */,
				FAC0BD64243934C100E24C9A /* AudioToolbox.framework in Frameworks */,
				DFEC090B9E0B6E83F8AE647D /* Pods_NoiseGeneratorSwiftUI.framework in Frameworks */,
			);
			runOnlyForDeploymentPostprocessing = 0;
		};
/* End PBXFrameworksBuildPhase section */

/* Begin PBXGroup section */
		EB6A5CE25B8B637249ABB49F /* Pods */ = {
			isa = PBXGroup;
			children = (
				16CC8F7AF3524D0BF47ECD41 /* Pods-NoiseGeneratorSwiftUI.debug.xcconfig */,
				40AC8FF3BF7BDAF2A0BEA9BC /* Pods-NoiseGeneratorSwiftUI.release.xcconfig */,
			);
			name = Pods;
			sourceTree = "<group>";
		};
		FA0987CA2476B0DD0010047F /* Unused */ = {
			isa = PBXGroup;
			children = (
				FA7DA85C2469874600822786 /* MasterOutputView.swift */,
				FA27D300247480CF008BC9D3 /* BlockDisplaySelect.swift */,
			);
			path = Unused;
			sourceTree = "<group>";
		};
		FA0987CB2476B1090010047F /* MainScreen */ = {
			isa = PBXGroup;
			children = (
				FA0A6868246A01ED0016534A /* MainHeader.swift */,
				FA7AF36D2474BA9B00D0DA7F /* MainBlocks.swift */,
				FA0987CC2476B16C0010047F /* MainBlockViews */,
				FA1211A0246C31460077941E /* KeyBoard.swift */,
				FA01D7F5247EB02800BF9538 /* HeaderKeyboard.swift */,
			);
			path = MainScreen;
			sourceTree = "<group>";
		};
		FA0987CC2476B16C0010047F /* MainBlockViews */ = {
			isa = PBXGroup;
			children = (
				FAE707D92465F90200F27B31 /* AudioEffectView.swift */,
				FA81DFA1245C971D00473657 /* AudioEffectBlocks */,
				FAE707D72465F80C00F27B31 /* AudioSourceView.swift */,
				FA0987CD2476B1AE0010047F /* AudioSourceBlocks */,
				FAE707DB2465FA4400F27B31 /* ModulationSourceView.swift */,
				FA81DFA3245C973A00473657 /* ModulationBlock */,
			);
			path = MainBlockViews;
			sourceTree = "<group>";
		};
		FA0987CD2476B1AE0010047F /* AudioSourceBlocks */ = {
			isa = PBXGroup;
			children = (
				FA81DF9E245C962500473657 /* NoiseGeneratorBlock */,
				FA3CBB43246D7134009DE169 /* MorphingOscillatorView.swift */,
				FA9CFE152476B33800DAD510 /* ADSR.swift */,
				FAAB7188246743C700B884B3 /* ExternalSourceView.swift */,
				FA1A0DFF24772F8B00A8FC7D /* WavetableDisplay.swift */,
				FAE0DD65247C15800090C3A2 /* Wavetable3DView.swift */,
			);
			path = AudioSourceBlocks;
			sourceTree = "<group>";
		};
		FA0987CE2476B1E30010047F /* Bluetooth */ = {
			isa = PBXGroup;
			children = (
				FADBBC6F246FF1B5004C58B5 /* BluetoothIcon.swift */,
				FABEB092246E22AA00C2F424 /* BluetoothMidiView.swift */,
			);
			path = Bluetooth;
			sourceTree = "<group>";
		};
		FA220F632454848200AACE5B /* Models */ = {
			isa = PBXGroup;
			children = (
				FA377A4E24317CAB00CBE2C4 /* Conductor.swift */,
				FAA44E6D247FEC5A00F7ADB7 /* Conductor+MidiListener.swift */,
				FAA44E73247FF4F300F7ADB7 /* Conductor+ModulationDelegateUI.swift */,
				FAA44E6F247FF28700F7ADB7 /* Conductor+ParameterHandoff.swift */,
				FAA44E71247FF3AE00F7ADB7 /* DeviceLayout.swift */,
				FA3EAB222476AFCE003638C0 /* Graphical */,
				FA3EAB212476AF99003638C0 /* Timing */,
				FA3EAB202476AF7D003638C0 /* Helpers */,
				FA093A352448A94A00BCD16C /* AudioEffect.swift */,
				FAE707D52465DC3500F27B31 /* AudioSource.swift */,
				FA220F61245483C700AACE5B /* KnobCompleteModel.swift */,
				FA27D2FE24743D9D008BC9D3 /* VolumeMixer.swift */,
				FA89B9C5247CB34C002593C3 /* iPhoneModel.swift */,
				FA7C8416247F1E5400F2B553 /* myKeyboard.swift */,
			);
			path = Models;
			sourceTree = "<group>";
		};
		FA220F64245484BD00AACE5B /* Views */ = {
			isa = PBXGroup;
			children = (
				FA0987CB2476B1090010047F /* MainScreen */,
				FA81DFA0245C970200473657 /* TitleBarControl */,
				FA81DF9F245C966900473657 /* AddEffectScreen */,
				FA81DF9C245C95F500473657 /* Knob */,
				FA81DF9B245C959200473657 /* VolumeControl */,
				FAE707E12466186500F27B31 /* AddSourceScreen */,
				FA0987CE2476B1E30010047F /* Bluetooth */,
				FA33B4472465952400387F0B /* Styles */,
				FA0987CA2476B0DD0010047F /* Unused */,
			);
			path = Views;
			sourceTree = "<group>";
		};
		FA33B4472465952400387F0B /* Styles */ = {
			isa = PBXGroup;
			children = (
				FA33B4482465953E00387F0B /* Styles.swift */,
			);
			path = Styles;
			sourceTree = "<group>";
		};
		FA33B44A2465958F00387F0B /* Extensions */ = {
			isa = PBXGroup;
			children = (
				FA791500244D333500C45D1A /* ColorExtension.swift */,
				FA33B44B246595C100387F0B /* TextExtension.swift */,
				FA00559B246AD78B000B16C7 /* KeyboardExtensions.swift */,
			);
			path = Extensions;
			sourceTree = "<group>";
		};
		FA377A2924317C3000CBE2C4 = {
			isa = PBXGroup;
			children = (
				FA377A3424317C3000CBE2C4 /* NoiseGeneratorSwiftUI */,
				FA377A3324317C3000CBE2C4 /* Products */,
				FA377A4924317C4500CBE2C4 /* Frameworks */,
				EB6A5CE25B8B637249ABB49F /* Pods */,
			);
			sourceTree = "<group>";
		};
		FA377A3324317C3000CBE2C4 /* Products */ = {
			isa = PBXGroup;
			children = (
				FA377A3224317C3000CBE2C4 /* NoiseGeneratorSwiftUI.app */,
			);
			name = Products;
			sourceTree = "<group>";
		};
		FA377A3424317C3000CBE2C4 /* NoiseGeneratorSwiftUI */ = {
			isa = PBXGroup;
			children = (
				FAC8D759243B758C0010078B /* Audiobus.txt */,
				FA986B4B243B611000700156 /* Audiobus.swift */,
				FA986B4A243B604500700156 /* BridgingHeader.h */,
				FAC0BD62243934C100E24C9A /* NoiseGeneratorSwiftUI.entitlements */,
				FA377A3524317C3000CBE2C4 /* AppDelegate.swift */,
				FA377A3724317C3000CBE2C4 /* SceneDelegate.swift */,
				FA377A3924317C3000CBE2C4 /* ContentView.swift */,
				FA220F64245484BD00AACE5B /* Views */,
				FA220F632454848200AACE5B /* Models */,
				FA377A3B24317C3100CBE2C4 /* Assets.xcassets */,
				FA377A4024317C3100CBE2C4 /* LaunchScreen.storyboard */,
				FA377A4324317C3100CBE2C4 /* Info.plist */,
				FA377A3D24317C3100CBE2C4 /* Preview Content */,
			);
			path = NoiseGeneratorSwiftUI;
			sourceTree = "<group>";
		};
		FA377A3D24317C3100CBE2C4 /* Preview Content */ = {
			isa = PBXGroup;
			children = (
				FA377A3E24317C3100CBE2C4 /* Preview Assets.xcassets */,
			);
			path = "Preview Content";
			sourceTree = "<group>";
		};
		FA377A4924317C4500CBE2C4 /* Frameworks */ = {
			isa = PBXGroup;
			children = (
				FAC0BD63243934C100E24C9A /* AudioToolbox.framework */,
				FA377A4A24317C4500CBE2C4 /* AudioKit.framework */,
				8892154ED79F3C714BF7E533 /* Pods_NoiseGeneratorSwiftUI.framework */,
			);
			name = Frameworks;
			sourceTree = "<group>";
		};
		FA3EAB202476AF7D003638C0 /* Helpers */ = {
			isa = PBXGroup;
			children = (
				FA00559D246ADA22000B16C7 /* AnyGestureRecognizer.swift */,
				FA33B44A2465958F00387F0B /* Extensions */,
			);
			path = Helpers;
			sourceTree = "<group>";
		};
		FA3EAB212476AF99003638C0 /* Timing */ = {
			isa = PBXGroup;
			children = (
				FA0A68662469FF590016534A /* Tempo.swift */,
				FAB700DE24531CCE0053F13A /* Modulation.swift */,
				FAD6505D245251D600B10110 /* RepeatingTimer.swift */,
			);
			path = Timing;
			sourceTree = "<group>";
		};
		FA3EAB222476AFCE003638C0 /* Graphical */ = {
			isa = PBXGroup;
			children = (
				FA8B61C52461C04F0029DD68 /* Pattern.swift */,
			);
			path = Graphical;
			sourceTree = "<group>";
		};
		FA81DF9B245C959200473657 /* VolumeControl */ = {
			isa = PBXGroup;
			children = (
				FAB33A9E2456344F00696E83 /* VolumeDisplay.swift */,
				FA7DA85E2469C03000822786 /* StereoVolumeDisplay.swift */,
				FA6ACFB924573ADE0009CC20 /* SlidingTriangle.swift */,
				FA6ACFBB24573D710009CC20 /* VolumeControl.swift */,
				FA1C4B392458BEB600A7E442 /* VolumeComplete.swift */,
			);
			path = VolumeControl;
			sourceTree = "<group>";
		};
		FA81DF9C245C95F500473657 /* Knob */ = {
			isa = PBXGroup;
			children = (
				FAFC1309243CF9AB009D1169 /* Knob.swift */,
				FA4FDC70243F7C5600325F89 /* KnobComplete.swift */,
				FAD334E6243E6410009B0DDF /* KnobControl.swift */,
				FA2A4FB82475EFEF00D246BD /* KnobVerticalStack.swift */,
			);
			path = Knob;
			sourceTree = "<group>";
		};
		FA81DF9E245C962500473657 /* NoiseGeneratorBlock */ = {
			isa = PBXGroup;
			children = (
				FA377A50243228DE00CBE2C4 /* TriangleControl.swift */,
				FA377A982434CD7A00CBE2C4 /* TriangleDrag.swift */,
				FA81DF97245C6B4500473657 /* NoiseGenerator.swift */,
			);
			path = NoiseGeneratorBlock;
			sourceTree = "<group>";
		};
		FA81DF9F245C966900473657 /* AddEffectScreen */ = {
			isa = PBXGroup;
			children = (
				FA3565D02450D963004AFA8C /* AddEffectForm.swift */,
				FA1C4B3B2459C7D700A7E442 /* EffectRow.swift */,
			);
			path = AddEffectScreen;
			sourceTree = "<group>";
		};
		FA81DFA0245C970200473657 /* TitleBarControl */ = {
			isa = PBXGroup;
			children = (
				FAC1F4A5245A4F39007E1331 /* PowerButton.swift */,
				FA81DF99245C87FF00473657 /* TitleBar.swift */,
				FAAE1EF32475C1D3007C0443 /* OscillatorTitleBar.swift */,
				FAC8B6B424807D4800C4C1C5 /* NoiseTitleBar.swift */,
				FAC8B6B624808F3100C4C1C5 /* EffectTitleBar.swift */,
			);
			path = TitleBarControl;
			sourceTree = "<group>";
		};
		FA81DFA1245C971D00473657 /* AudioEffectBlocks */ = {
			isa = PBXGroup;
			children = (
				FADBBC71246FF50A004C58B5 /* Unused */,
				FA922F922448D9E100C63DAD /* FourControlTemplate.swift */,
				FA855A812442575D0024787D /* PresetPicker.swift */,
				FA83C0232442EA8700568204 /* TwoControlTemplate.swift */,
			);
			path = AudioEffectBlocks;
			sourceTree = "<group>";
		};
		FA81DFA3245C973A00473657 /* ModulationBlock */ = {
			isa = PBXGroup;
			children = (
				FAB700E0245328790053F13A /* ModulationView.swift */,
				FAAA3CC124687EEF00CA2E47 /* GridLines.swift */,
				FAAA3CC52468A42300CA2E47 /* MiniPattern.swift */,
				FA81DFA4245CDAAD00473657 /* PatternGraph.swift */,
				FAAA3CC324689BC300CA2E47 /* PatternAdjust.swift */,
			);
			path = ModulationBlock;
			sourceTree = "<group>";
		};
		FADBBC71246FF50A004C58B5 /* Unused */ = {
			isa = PBXGroup;
			children = (
				FAA6F3FB2440D8BE0025DBFF /* TextPicker.swift */,
			);
			path = Unused;
			sourceTree = "<group>";
		};
		FAE707E12466186500F27B31 /* AddSourceScreen */ = {
			isa = PBXGroup;
			children = (
				FAE707DF2466186000F27B31 /* AddInputDeviceForm.swift */,
				FAE707E22466188900F27B31 /* InputDeviceRow.swift */,
				FAEED71224811C8A00B1F723 /* SourceCategoryRow.swift */,
				FAEED71424811DD800B1F723 /* SourceCategoriesForm.swift */,
				FAEED716248129F600B1F723 /* AddOscillatorForm.swift */,
			);
			path = AddSourceScreen;
			sourceTree = "<group>";
		};
/* End PBXGroup section */

/* Begin PBXNativeTarget section */
		FA377A3124317C3000CBE2C4 /* NoiseGeneratorSwiftUI */ = {
			isa = PBXNativeTarget;
			buildConfigurationList = FA377A4624317C3100CBE2C4 /* Build configuration list for PBXNativeTarget "NoiseGeneratorSwiftUI" */;
			buildPhases = (
				37EAFE3FCE1F9F9D97BA4D69 /* [CP] Check Pods Manifest.lock */,
				FA377A2E24317C3000CBE2C4 /* Sources */,
				FA377A2F24317C3000CBE2C4 /* Frameworks */,
				FA377A3024317C3000CBE2C4 /* Resources */,
				FA377A4D24317C4500CBE2C4 /* Embed Frameworks */,
			);
			buildRules = (
			);
			dependencies = (
			);
			name = NoiseGeneratorSwiftUI;
			productName = NoiseGeneratorSwiftUI;
			productReference = FA377A3224317C3000CBE2C4 /* NoiseGeneratorSwiftUI.app */;
			productType = "com.apple.product-type.application";
		};
/* End PBXNativeTarget section */

/* Begin PBXProject section */
		FA377A2A24317C3000CBE2C4 /* Project object */ = {
			isa = PBXProject;
			attributes = {
				LastSwiftUpdateCheck = 1140;
				LastUpgradeCheck = 1140;
				ORGANIZATIONNAME = "Matt Pfeiffer";
				TargetAttributes = {
					FA377A3124317C3000CBE2C4 = {
						CreatedOnToolsVersion = 11.4;
					};
				};
			};
			buildConfigurationList = FA377A2D24317C3000CBE2C4 /* Build configuration list for PBXProject "NoiseGeneratorSwiftUI" */;
			compatibilityVersion = "Xcode 9.3";
			developmentRegion = en;
			hasScannedForEncodings = 0;
			knownRegions = (
				en,
				Base,
			);
			mainGroup = FA377A2924317C3000CBE2C4;
			productRefGroup = FA377A3324317C3000CBE2C4 /* Products */;
			projectDirPath = "";
			projectRoot = "";
			targets = (
				FA377A3124317C3000CBE2C4 /* NoiseGeneratorSwiftUI */,
			);
		};
/* End PBXProject section */

/* Begin PBXResourcesBuildPhase section */
		FA377A3024317C3000CBE2C4 /* Resources */ = {
			isa = PBXResourcesBuildPhase;
			buildActionMask = 2147483647;
			files = (
				FA377A4224317C3100CBE2C4 /* LaunchScreen.storyboard in Resources */,
				FA377A3F24317C3100CBE2C4 /* Preview Assets.xcassets in Resources */,
				FAC8D75A243B758C0010078B /* Audiobus.txt in Resources */,
				FA377A3C24317C3100CBE2C4 /* Assets.xcassets in Resources */,
			);
			runOnlyForDeploymentPostprocessing = 0;
		};
/* End PBXResourcesBuildPhase section */

/* Begin PBXShellScriptBuildPhase section */
		37EAFE3FCE1F9F9D97BA4D69 /* [CP] Check Pods Manifest.lock */ = {
			isa = PBXShellScriptBuildPhase;
			buildActionMask = 2147483647;
			files = (
			);
			inputPaths = (
				"${PODS_PODFILE_DIR_PATH}/Podfile.lock",
				"${PODS_ROOT}/Manifest.lock",
			);
			name = "[CP] Check Pods Manifest.lock";
			outputPaths = (
				"$(DERIVED_FILE_DIR)/Pods-NoiseGeneratorSwiftUI-checkManifestLockResult.txt",
			);
			runOnlyForDeploymentPostprocessing = 0;
			shellPath = /bin/sh;
			shellScript = "diff \"${PODS_PODFILE_DIR_PATH}/Podfile.lock\" \"${PODS_ROOT}/Manifest.lock\" > /dev/null\nif [ $? != 0 ] ; then\n    # print error to STDERR\n    echo \"error: The sandbox is not in sync with the Podfile.lock. Run 'pod install' or update your CocoaPods installation.\" >&2\n    exit 1\nfi\n# This output is used by Xcode 'outputs' to avoid re-running this script phase.\necho \"SUCCESS\" > \"${SCRIPT_OUTPUT_FILE_0}\"\n";
			showEnvVarsInLog = 0;
		};
/* End PBXShellScriptBuildPhase section */

/* Begin PBXSourcesBuildPhase section */
		FA377A2E24317C3000CBE2C4 /* Sources */ = {
			isa = PBXSourcesBuildPhase;
			buildActionMask = 2147483647;
			files = (
				FA6ACFBA24573ADE0009CC20 /* SlidingTriangle.swift in Sources */,
				FAA44E72247FF3AE00F7ADB7 /* DeviceLayout.swift in Sources */,
				FA27D2FF24743D9D008BC9D3 /* VolumeMixer.swift in Sources */,
				FA7C8417247F1E5400F2B553 /* myKeyboard.swift in Sources */,
				FAD334E7243E6410009B0DDF /* KnobControl.swift in Sources */,
				FA1211A1246C31460077941E /* KeyBoard.swift in Sources */,
				FA093A362448A94A00BCD16C /* AudioEffect.swift in Sources */,
				FA1C4B3A2458BEB600A7E442 /* VolumeComplete.swift in Sources */,
				FA1A0E0024772F8B00A8FC7D /* WavetableDisplay.swift in Sources */,
				FA377A3624317C3000CBE2C4 /* AppDelegate.swift in Sources */,
				FAAA3CC424689BC300CA2E47 /* PatternAdjust.swift in Sources */,
				FA3CBB44246D7134009DE169 /* MorphingOscillatorView.swift in Sources */,
				FA1C4B3C2459C7D700A7E442 /* EffectRow.swift in Sources */,
				FAA44E70247FF28700F7ADB7 /* Conductor+ParameterHandoff.swift in Sources */,
				FA2A4FB92475EFEF00D246BD /* KnobVerticalStack.swift in Sources */,
				FA4FDC71243F7C5600325F89 /* KnobComplete.swift in Sources */,
				FA33B44C246595C100387F0B /* TextExtension.swift in Sources */,
				FADBBC70246FF1B5004C58B5 /* BluetoothIcon.swift in Sources */,
				FAB700DF24531CCE0053F13A /* Modulation.swift in Sources */,
				FA81DF98245C6B4500473657 /* NoiseGenerator.swift in Sources */,
				FAA44E74247FF4F300F7ADB7 /* Conductor+ModulationDelegateUI.swift in Sources */,
				FAAA3CC224687EEF00CA2E47 /* GridLines.swift in Sources */,
				FA377A51243228DE00CBE2C4 /* TriangleControl.swift in Sources */,
				FA8B61C62461C04F0029DD68 /* Pattern.swift in Sources */,
				FAEED71524811DD800B1F723 /* SourceCategoriesForm.swift in Sources */,
				FA0A6869246A01ED0016534A /* MainHeader.swift in Sources */,
				FAE707E02466186000F27B31 /* AddInputDeviceForm.swift in Sources */,
				FABEB093246E22AA00C2F424 /* BluetoothMidiView.swift in Sources */,
				FAE707D82465F80C00F27B31 /* AudioSourceView.swift in Sources */,
				FA7AF36E2474BA9B00D0DA7F /* MainBlocks.swift in Sources */,
				FA33B4492465953E00387F0B /* Styles.swift in Sources */,
				FA7DA85F2469C03000822786 /* StereoVolumeDisplay.swift in Sources */,
				FA377A3824317C3000CBE2C4 /* SceneDelegate.swift in Sources */,
				FA220F62245483C700AACE5B /* KnobCompleteModel.swift in Sources */,
				FA986B4C243B611000700156 /* Audiobus.swift in Sources */,
				FA00559E246ADA22000B16C7 /* AnyGestureRecognizer.swift in Sources */,
				FAC1F4A6245A4F39007E1331 /* PowerButton.swift in Sources */,
				FAE0DD66247C15800090C3A2 /* Wavetable3DView.swift in Sources */,
				FA7DA85D2469874600822786 /* MasterOutputView.swift in Sources */,
				FA922F932448D9E100C63DAD /* FourControlTemplate.swift in Sources */,
				FA3565D12450D963004AFA8C /* AddEffectForm.swift in Sources */,
				FA855A822442575D0024787D /* PresetPicker.swift in Sources */,
				FAAA3CC62468A42300CA2E47 /* MiniPattern.swift in Sources */,
				FA81DFA5245CDAAD00473657 /* PatternGraph.swift in Sources */,
				FA01D7F6247EB02800BF9538 /* HeaderKeyboard.swift in Sources */,
				FAE707DA2465F90200F27B31 /* AudioEffectView.swift in Sources */,
				FA377A992434CD7A00CBE2C4 /* TriangleDrag.swift in Sources */,
				FA81DF9A245C87FF00473657 /* TitleBar.swift in Sources */,
				FAC8B6B524807D4800C4C1C5 /* NoiseTitleBar.swift in Sources */,
				FA83C0242442EA8700568204 /* TwoControlTemplate.swift in Sources */,
				FAE707DC2465FA4400F27B31 /* ModulationSourceView.swift in Sources */,
				FA791501244D333500C45D1A /* ColorExtension.swift in Sources */,
				FA9CFE162476B33800DAD510 /* ADSR.swift in Sources */,
				FAB700E1245328790053F13A /* ModulationView.swift in Sources */,
				FAA44E6E247FEC5A00F7ADB7 /* Conductor+MidiListener.swift in Sources */,
				FAAE1EF42475C1D3007C0443 /* OscillatorTitleBar.swift in Sources */,
				FAC8B6B724808F3100C4C1C5 /* EffectTitleBar.swift in Sources */,
				FA0A68672469FF590016534A /* Tempo.swift in Sources */,
				FAE707E32466188900F27B31 /* InputDeviceRow.swift in Sources */,
				FAB33A9F2456344F00696E83 /* VolumeDisplay.swift in Sources */,
				FAD6505E245251D600B10110 /* RepeatingTimer.swift in Sources */,
				FA27D301247480CF008BC9D3 /* BlockDisplaySelect.swift in Sources */,
				FAEED717248129F600B1F723 /* AddOscillatorForm.swift in Sources */,
				FA377A4F24317CAB00CBE2C4 /* Conductor.swift in Sources */,
				FA89B9C6247CB34C002593C3 /* iPhoneModel.swift in Sources */,
				FAAB7189246743C700B884B3 /* ExternalSourceView.swift in Sources */,
				FA00559C246AD78B000B16C7 /* KeyboardExtensions.swift in Sources */,
				FAEED71324811C8A00B1F723 /* SourceCategoryRow.swift in Sources */,
				FA377A3A24317C3000CBE2C4 /* ContentView.swift in Sources */,
				FAFC130A243CF9AB009D1169 /* Knob.swift in Sources */,
				FAA6F3FC2440D8BE0025DBFF /* TextPicker.swift in Sources */,
				FA6ACFBC24573D720009CC20 /* VolumeControl.swift in Sources */,
				FAE707D62465DC3500F27B31 /* AudioSource.swift in Sources */,
			);
			runOnlyForDeploymentPostprocessing = 0;
		};
/* End PBXSourcesBuildPhase section */

/* Begin PBXVariantGroup section */
		FA377A4024317C3100CBE2C4 /* LaunchScreen.storyboard */ = {
			isa = PBXVariantGroup;
			children = (
				FA377A4124317C3100CBE2C4 /* Base */,
			);
			name = LaunchScreen.storyboard;
			sourceTree = "<group>";
		};
/* End PBXVariantGroup section */

/* Begin XCBuildConfiguration section */
		FA377A4424317C3100CBE2C4 /* Debug */ = {
			isa = XCBuildConfiguration;
			buildSettings = {
				ALWAYS_SEARCH_USER_PATHS = NO;
				CLANG_ANALYZER_NONNULL = YES;
				CLANG_ANALYZER_NUMBER_OBJECT_CONVERSION = YES_AGGRESSIVE;
				CLANG_CXX_LANGUAGE_STANDARD = "gnu++14";
				CLANG_CXX_LIBRARY = "libc++";
				CLANG_ENABLE_MODULES = YES;
				CLANG_ENABLE_OBJC_ARC = YES;
				CLANG_ENABLE_OBJC_WEAK = YES;
				CLANG_WARN_BLOCK_CAPTURE_AUTORELEASING = YES;
				CLANG_WARN_BOOL_CONVERSION = YES;
				CLANG_WARN_COMMA = YES;
				CLANG_WARN_CONSTANT_CONVERSION = YES;
				CLANG_WARN_DEPRECATED_OBJC_IMPLEMENTATIONS = YES;
				CLANG_WARN_DIRECT_OBJC_ISA_USAGE = YES_ERROR;
				CLANG_WARN_DOCUMENTATION_COMMENTS = YES;
				CLANG_WARN_EMPTY_BODY = YES;
				CLANG_WARN_ENUM_CONVERSION = YES;
				CLANG_WARN_INFINITE_RECURSION = YES;
				CLANG_WARN_INT_CONVERSION = YES;
				CLANG_WARN_NON_LITERAL_NULL_CONVERSION = YES;
				CLANG_WARN_OBJC_IMPLICIT_RETAIN_SELF = YES;
				CLANG_WARN_OBJC_LITERAL_CONVERSION = YES;
				CLANG_WARN_OBJC_ROOT_CLASS = YES_ERROR;
				CLANG_WARN_RANGE_LOOP_ANALYSIS = YES;
				CLANG_WARN_STRICT_PROTOTYPES = YES;
				CLANG_WARN_SUSPICIOUS_MOVE = YES;
				CLANG_WARN_UNGUARDED_AVAILABILITY = YES_AGGRESSIVE;
				CLANG_WARN_UNREACHABLE_CODE = YES;
				CLANG_WARN__DUPLICATE_METHOD_MATCH = YES;
				COPY_PHASE_STRIP = NO;
				DEBUG_INFORMATION_FORMAT = dwarf;
				ENABLE_STRICT_OBJC_MSGSEND = YES;
				ENABLE_TESTABILITY = YES;
				GCC_C_LANGUAGE_STANDARD = gnu11;
				GCC_DYNAMIC_NO_PIC = NO;
				GCC_NO_COMMON_BLOCKS = YES;
				GCC_OPTIMIZATION_LEVEL = 0;
				GCC_PREPROCESSOR_DEFINITIONS = (
					"DEBUG=1",
					"$(inherited)",
				);
				GCC_WARN_64_TO_32_BIT_CONVERSION = YES;
				GCC_WARN_ABOUT_RETURN_TYPE = YES_ERROR;
				GCC_WARN_UNDECLARED_SELECTOR = YES;
				GCC_WARN_UNINITIALIZED_AUTOS = YES_AGGRESSIVE;
				GCC_WARN_UNUSED_FUNCTION = YES;
				GCC_WARN_UNUSED_VARIABLE = YES;
				IPHONEOS_DEPLOYMENT_TARGET = 13.4;
				MTL_ENABLE_DEBUG_INFO = INCLUDE_SOURCE;
				MTL_FAST_MATH = YES;
				ONLY_ACTIVE_ARCH = YES;
				OTHER_LDFLAGS = "";
				SDKROOT = iphoneos;
				SWIFT_ACTIVE_COMPILATION_CONDITIONS = DEBUG;
				SWIFT_OBJC_BRIDGING_HEADER = "";
				SWIFT_OPTIMIZATION_LEVEL = "-Onone";
			};
			name = Debug;
		};
		FA377A4524317C3100CBE2C4 /* Release */ = {
			isa = XCBuildConfiguration;
			buildSettings = {
				ALWAYS_SEARCH_USER_PATHS = NO;
				CLANG_ANALYZER_NONNULL = YES;
				CLANG_ANALYZER_NUMBER_OBJECT_CONVERSION = YES_AGGRESSIVE;
				CLANG_CXX_LANGUAGE_STANDARD = "gnu++14";
				CLANG_CXX_LIBRARY = "libc++";
				CLANG_ENABLE_MODULES = YES;
				CLANG_ENABLE_OBJC_ARC = YES;
				CLANG_ENABLE_OBJC_WEAK = YES;
				CLANG_WARN_BLOCK_CAPTURE_AUTORELEASING = YES;
				CLANG_WARN_BOOL_CONVERSION = YES;
				CLANG_WARN_COMMA = YES;
				CLANG_WARN_CONSTANT_CONVERSION = YES;
				CLANG_WARN_DEPRECATED_OBJC_IMPLEMENTATIONS = YES;
				CLANG_WARN_DIRECT_OBJC_ISA_USAGE = YES_ERROR;
				CLANG_WARN_DOCUMENTATION_COMMENTS = YES;
				CLANG_WARN_EMPTY_BODY = YES;
				CLANG_WARN_ENUM_CONVERSION = YES;
				CLANG_WARN_INFINITE_RECURSION = YES;
				CLANG_WARN_INT_CONVERSION = YES;
				CLANG_WARN_NON_LITERAL_NULL_CONVERSION = YES;
				CLANG_WARN_OBJC_IMPLICIT_RETAIN_SELF = YES;
				CLANG_WARN_OBJC_LITERAL_CONVERSION = YES;
				CLANG_WARN_OBJC_ROOT_CLASS = YES_ERROR;
				CLANG_WARN_RANGE_LOOP_ANALYSIS = YES;
				CLANG_WARN_STRICT_PROTOTYPES = YES;
				CLANG_WARN_SUSPICIOUS_MOVE = YES;
				CLANG_WARN_UNGUARDED_AVAILABILITY = YES_AGGRESSIVE;
				CLANG_WARN_UNREACHABLE_CODE = YES;
				CLANG_WARN__DUPLICATE_METHOD_MATCH = YES;
				COPY_PHASE_STRIP = NO;
				DEBUG_INFORMATION_FORMAT = "dwarf-with-dsym";
				ENABLE_NS_ASSERTIONS = NO;
				ENABLE_STRICT_OBJC_MSGSEND = YES;
				GCC_C_LANGUAGE_STANDARD = gnu11;
				GCC_NO_COMMON_BLOCKS = YES;
				GCC_WARN_64_TO_32_BIT_CONVERSION = YES;
				GCC_WARN_ABOUT_RETURN_TYPE = YES_ERROR;
				GCC_WARN_UNDECLARED_SELECTOR = YES;
				GCC_WARN_UNINITIALIZED_AUTOS = YES_AGGRESSIVE;
				GCC_WARN_UNUSED_FUNCTION = YES;
				GCC_WARN_UNUSED_VARIABLE = YES;
				IPHONEOS_DEPLOYMENT_TARGET = 13.4;
				MTL_ENABLE_DEBUG_INFO = NO;
				MTL_FAST_MATH = YES;
				OTHER_LDFLAGS = "";
				SDKROOT = iphoneos;
				SWIFT_COMPILATION_MODE = wholemodule;
				SWIFT_OBJC_BRIDGING_HEADER = "";
				SWIFT_OPTIMIZATION_LEVEL = "-O";
				VALIDATE_PRODUCT = YES;
			};
			name = Release;
		};
		FA377A4724317C3100CBE2C4 /* Debug */ = {
			isa = XCBuildConfiguration;
			baseConfigurationReference = 16CC8F7AF3524D0BF47ECD41 /* Pods-NoiseGeneratorSwiftUI.debug.xcconfig */;
			buildSettings = {
				ASSETCATALOG_COMPILER_APPICON_NAME = AppIcon;
				CODE_SIGN_ENTITLEMENTS = NoiseGeneratorSwiftUI/NoiseGeneratorSwiftUI.entitlements;
				CODE_SIGN_STYLE = Automatic;
				DEVELOPMENT_ASSET_PATHS = "\"NoiseGeneratorSwiftUI/Preview Content\"";
				DEVELOPMENT_TEAM = L2FL95P32D;
				ENABLE_PREVIEWS = YES;
				FRAMEWORK_SEARCH_PATHS = (
					"\"/Users/macbook/Sync/Code/Xcode/AudioDev/AudioKit-iOS\"",
					"\"/Users/macbook/Sync/Code/Xcode/AudioDev/Projects/NoiseGeneratorSwiftUI/NoiseGeneratorSwiftUI/Library/Audiobus\"",
				);
				INFOPLIST_FILE = NoiseGeneratorSwiftUI/Info.plist;
				IPHONEOS_DEPLOYMENT_TARGET = 13.4;
				LD_RUNPATH_SEARCH_PATHS = (
					"$(inherited)",
					"@executable_path/Frameworks",
				);
				LIBRARY_SEARCH_PATHS = (
					"$(inherited)",
					"$(PROJECT_DIR)/NoiseGeneratorSwiftUI",
				);
				OTHER_LDFLAGS = (
					"-lc++",
					"$(inherited)",
				);
				PRODUCT_BUNDLE_IDENTIFIER = com.MattPfeiffer.NoiseGeneratorSwiftUI;
				PRODUCT_NAME = "$(TARGET_NAME)";
				SWIFT_OBJC_BRIDGING_HEADER = "$(SRCROOT)/NoiseGeneratorSwiftUI/BridgingHeader.h";
				SWIFT_VERSION = 5.0;
				TARGETED_DEVICE_FAMILY = "1,2";
			};
			name = Debug;
		};
		FA377A4824317C3100CBE2C4 /* Release */ = {
			isa = XCBuildConfiguration;
			baseConfigurationReference = 40AC8FF3BF7BDAF2A0BEA9BC /* Pods-NoiseGeneratorSwiftUI.release.xcconfig */;
			buildSettings = {
				ASSETCATALOG_COMPILER_APPICON_NAME = AppIcon;
				CODE_SIGN_ENTITLEMENTS = NoiseGeneratorSwiftUI/NoiseGeneratorSwiftUI.entitlements;
				CODE_SIGN_STYLE = Automatic;
				DEVELOPMENT_ASSET_PATHS = "\"NoiseGeneratorSwiftUI/Preview Content\"";
				DEVELOPMENT_TEAM = L2FL95P32D;
				ENABLE_PREVIEWS = YES;
				FRAMEWORK_SEARCH_PATHS = (
					"\"/Users/macbook/Sync/Code/Xcode/AudioDev/AudioKit-iOS\"",
					"\"/Users/macbook/Sync/Code/Xcode/AudioDev/Projects/NoiseGeneratorSwiftUI/NoiseGeneratorSwiftUI/Library/Audiobus\"",
				);
				INFOPLIST_FILE = NoiseGeneratorSwiftUI/Info.plist;
				IPHONEOS_DEPLOYMENT_TARGET = 13.4;
				LD_RUNPATH_SEARCH_PATHS = (
					"$(inherited)",
					"@executable_path/Frameworks",
				);
				LIBRARY_SEARCH_PATHS = (
					"$(inherited)",
					"$(PROJECT_DIR)/NoiseGeneratorSwiftUI",
				);
				OTHER_LDFLAGS = (
					"-lc++",
					"$(inherited)",
				);
				PRODUCT_BUNDLE_IDENTIFIER = com.MattPfeiffer.NoiseGeneratorSwiftUI;
				PRODUCT_NAME = "$(TARGET_NAME)";
				SWIFT_OBJC_BRIDGING_HEADER = "$(SRCROOT)/NoiseGeneratorSwiftUI/BridgingHeader.h";
				SWIFT_VERSION = 5.0;
				TARGETED_DEVICE_FAMILY = "1,2";
			};
			name = Release;
		};
/* End XCBuildConfiguration section */

/* Begin XCConfigurationList section */
		FA377A2D24317C3000CBE2C4 /* Build configuration list for PBXProject "NoiseGeneratorSwiftUI" */ = {
			isa = XCConfigurationList;
			buildConfigurations = (
				FA377A4424317C3100CBE2C4 /* Debug */,
				FA377A4524317C3100CBE2C4 /* Release */,
			);
			defaultConfigurationIsVisible = 0;
			defaultConfigurationName = Release;
		};
		FA377A4624317C3100CBE2C4 /* Build configuration list for PBXNativeTarget "NoiseGeneratorSwiftUI" */ = {
			isa = XCConfigurationList;
			buildConfigurations = (
				FA377A4724317C3100CBE2C4 /* Debug */,
				FA377A4824317C3100CBE2C4 /* Release */,
			);
			defaultConfigurationIsVisible = 0;
			defaultConfigurationName = Release;
		};
/* End XCConfigurationList section */
	};
	rootObject = FA377A2A24317C3000CBE2C4 /* Project object */;
}
