// !$*UTF8*$!
{
	archiveVersion = 1;
	classes = {
	};
	objectVersion = 50;
	objects = {

/* Begin PBXBuildFile section */
		36C5FA2E2026D572B0C1F79D /* Pods_NoiseGeneratorSwiftUI.framework in Frameworks */ = {isa = PBXBuildFile; fileRef = ECB965A16E43419C819DD41B /* Pods_NoiseGeneratorSwiftUI.framework */; };
		FA377A3624317C3000CBE2C4 /* AppDelegate.swift in Sources */ = {isa = PBXBuildFile; fileRef = FA377A3524317C3000CBE2C4 /* AppDelegate.swift */; };
		FA377A3824317C3000CBE2C4 /* SceneDelegate.swift in Sources */ = {isa = PBXBuildFile; fileRef = FA377A3724317C3000CBE2C4 /* SceneDelegate.swift */; };
		FA377A3A24317C3000CBE2C4 /* ContentView.swift in Sources */ = {isa = PBXBuildFile; fileRef = FA377A3924317C3000CBE2C4 /* ContentView.swift */; };
		FA377A3C24317C3100CBE2C4 /* Assets.xcassets in Resources */ = {isa = PBXBuildFile; fileRef = FA377A3B24317C3100CBE2C4 /* Assets.xcassets */; };
		FA377A3F24317C3100CBE2C4 /* Preview Assets.xcassets in Resources */ = {isa = PBXBuildFile; fileRef = FA377A3E24317C3100CBE2C4 /* Preview Assets.xcassets */; };
		FA377A4224317C3100CBE2C4 /* LaunchScreen.storyboard in Resources */ = {isa = PBXBuildFile; fileRef = FA377A4024317C3100CBE2C4 /* LaunchScreen.storyboard */; };
		FA377A4B24317C4500CBE2C4 /* AudioKit.framework in Frameworks */ = {isa = PBXBuildFile; fileRef = FA377A4A24317C4500CBE2C4 /* AudioKit.framework */; };
		FA377A4C24317C4500CBE2C4 /* AudioKit.framework in Embed Frameworks */ = {isa = PBXBuildFile; fileRef = FA377A4A24317C4500CBE2C4 /* AudioKit.framework */; settings = {ATTRIBUTES = (CodeSignOnCopy, RemoveHeadersOnCopy, ); }; };
		FA377A4F24317CAB00CBE2C4 /* NoiseModel.swift in Sources */ = {isa = PBXBuildFile; fileRef = FA377A4E24317CAB00CBE2C4 /* NoiseModel.swift */; };
		FA377A51243228DE00CBE2C4 /* TriangleControl.swift in Sources */ = {isa = PBXBuildFile; fileRef = FA377A50243228DE00CBE2C4 /* TriangleControl.swift */; };
		FA377A992434CD7A00CBE2C4 /* TriangleDrag.swift in Sources */ = {isa = PBXBuildFile; fileRef = FA377A982434CD7A00CBE2C4 /* TriangleDrag.swift */; };
		FA4FDC71243F7C5600325F89 /* KnobComplete.swift in Sources */ = {isa = PBXBuildFile; fileRef = FA4FDC70243F7C5600325F89 /* KnobComplete.swift */; };
		FA83C0242442EA8700568204 /* TwoControlTemplate.swift in Sources */ = {isa = PBXBuildFile; fileRef = FA83C0232442EA8700568204 /* TwoControlTemplate.swift */; };
		FA855A822442575D0024787D /* PresetPicker.swift in Sources */ = {isa = PBXBuildFile; fileRef = FA855A812442575D0024787D /* PresetPicker.swift */; };
		FA986B4C243B611000700156 /* Audiobus.swift in Sources */ = {isa = PBXBuildFile; fileRef = FA986B4B243B611000700156 /* Audiobus.swift */; };
		FAA6F3FC2440D8BE0025DBFF /* TextPicker.swift in Sources */ = {isa = PBXBuildFile; fileRef = FAA6F3FB2440D8BE0025DBFF /* TextPicker.swift */; };
		FAC0BD64243934C100E24C9A /* AudioToolbox.framework in Frameworks */ = {isa = PBXBuildFile; fileRef = FAC0BD63243934C100E24C9A /* AudioToolbox.framework */; };
		FAC8D75A243B758C0010078B /* Audiobus.txt in Resources */ = {isa = PBXBuildFile; fileRef = FAC8D759243B758C0010078B /* Audiobus.txt */; };
		FAD334E7243E6410009B0DDF /* KnobControl.swift in Sources */ = {isa = PBXBuildFile; fileRef = FAD334E6243E6410009B0DDF /* KnobControl.swift */; };
		FAFC130A243CF9AB009D1169 /* Knob.swift in Sources */ = {isa = PBXBuildFile; fileRef = FAFC1309243CF9AB009D1169 /* Knob.swift */; };
/* End PBXBuildFile section */

/* Begin PBXCopyFilesBuildPhase section */
		FA377A4D24317C4500CBE2C4 /* Embed Frameworks */ = {
			isa = PBXCopyFilesBuildPhase;
			buildActionMask = 2147483647;
			dstPath = "";
			dstSubfolderSpec = 10;
			files = (
				FA377A4C24317C4500CBE2C4 /* AudioKit.framework in Embed Frameworks */,
			);
			name = "Embed Frameworks";
			runOnlyForDeploymentPostprocessing = 0;
		};
/* End PBXCopyFilesBuildPhase section */

/* Begin PBXFileReference section */
		0914A6C9D5FC78F05DFBD3E7 /* Pods-NoiseGeneratorSwiftUI.debug.xcconfig */ = {isa = PBXFileReference; includeInIndex = 1; lastKnownFileType = text.xcconfig; name = "Pods-NoiseGeneratorSwiftUI.debug.xcconfig"; path = "Pods/Target Support Files/Pods-NoiseGeneratorSwiftUI/Pods-NoiseGeneratorSwiftUI.debug.xcconfig"; sourceTree = "<group>"; };
		1E8C7A89E1CA0BDFF621262F /* Pods-NoiseGeneratorSwiftUI.release.xcconfig */ = {isa = PBXFileReference; includeInIndex = 1; lastKnownFileType = text.xcconfig; name = "Pods-NoiseGeneratorSwiftUI.release.xcconfig"; path = "Pods/Target Support Files/Pods-NoiseGeneratorSwiftUI/Pods-NoiseGeneratorSwiftUI.release.xcconfig"; sourceTree = "<group>"; };
		ECB965A16E43419C819DD41B /* Pods_NoiseGeneratorSwiftUI.framework */ = {isa = PBXFileReference; explicitFileType = wrapper.framework; includeInIndex = 0; path = Pods_NoiseGeneratorSwiftUI.framework; sourceTree = BUILT_PRODUCTS_DIR; };
		FA377A3224317C3000CBE2C4 /* NoiseGeneratorSwiftUI.app */ = {isa = PBXFileReference; explicitFileType = wrapper.application; includeInIndex = 0; path = NoiseGeneratorSwiftUI.app; sourceTree = BUILT_PRODUCTS_DIR; };
		FA377A3524317C3000CBE2C4 /* AppDelegate.swift */ = {isa = PBXFileReference; lastKnownFileType = sourcecode.swift; path = AppDelegate.swift; sourceTree = "<group>"; };
		FA377A3724317C3000CBE2C4 /* SceneDelegate.swift */ = {isa = PBXFileReference; lastKnownFileType = sourcecode.swift; path = SceneDelegate.swift; sourceTree = "<group>"; };
		FA377A3924317C3000CBE2C4 /* ContentView.swift */ = {isa = PBXFileReference; lastKnownFileType = sourcecode.swift; path = ContentView.swift; sourceTree = "<group>"; };
		FA377A3B24317C3100CBE2C4 /* Assets.xcassets */ = {isa = PBXFileReference; lastKnownFileType = folder.assetcatalog; path = Assets.xcassets; sourceTree = "<group>"; };
		FA377A3E24317C3100CBE2C4 /* Preview Assets.xcassets */ = {isa = PBXFileReference; lastKnownFileType = folder.assetcatalog; path = "Preview Assets.xcassets"; sourceTree = "<group>"; };
		FA377A4124317C3100CBE2C4 /* Base */ = {isa = PBXFileReference; lastKnownFileType = file.storyboard; name = Base; path = Base.lproj/LaunchScreen.storyboard; sourceTree = "<group>"; };
		FA377A4324317C3100CBE2C4 /* Info.plist */ = {isa = PBXFileReference; lastKnownFileType = text.plist.xml; path = Info.plist; sourceTree = "<group>"; };
		FA377A4A24317C4500CBE2C4 /* AudioKit.framework */ = {isa = PBXFileReference; lastKnownFileType = wrapper.framework; name = AudioKit.framework; path = "../../AudioKit-iOS/AudioKit.framework"; sourceTree = "<group>"; };
		FA377A4E24317CAB00CBE2C4 /* NoiseModel.swift */ = {isa = PBXFileReference; lastKnownFileType = sourcecode.swift; path = NoiseModel.swift; sourceTree = "<group>"; };
		FA377A50243228DE00CBE2C4 /* TriangleControl.swift */ = {isa = PBXFileReference; lastKnownFileType = sourcecode.swift; path = TriangleControl.swift; sourceTree = "<group>"; };
		FA377A982434CD7A00CBE2C4 /* TriangleDrag.swift */ = {isa = PBXFileReference; lastKnownFileType = sourcecode.swift; path = TriangleDrag.swift; sourceTree = "<group>"; };
		FA4FDC70243F7C5600325F89 /* KnobComplete.swift */ = {isa = PBXFileReference; lastKnownFileType = sourcecode.swift; path = KnobComplete.swift; sourceTree = "<group>"; };
		FA83C0232442EA8700568204 /* TwoControlTemplate.swift */ = {isa = PBXFileReference; lastKnownFileType = sourcecode.swift; path = TwoControlTemplate.swift; sourceTree = "<group>"; };
		FA855A812442575D0024787D /* PresetPicker.swift */ = {isa = PBXFileReference; lastKnownFileType = sourcecode.swift; path = PresetPicker.swift; sourceTree = "<group>"; };
		FA986B4A243B604500700156 /* BridgingHeader.h */ = {isa = PBXFileReference; lastKnownFileType = sourcecode.c.h; path = BridgingHeader.h; sourceTree = "<group>"; };
		FA986B4B243B611000700156 /* Audiobus.swift */ = {isa = PBXFileReference; fileEncoding = 4; lastKnownFileType = sourcecode.swift; path = Audiobus.swift; sourceTree = "<group>"; };
		FAA6F3FB2440D8BE0025DBFF /* TextPicker.swift */ = {isa = PBXFileReference; lastKnownFileType = sourcecode.swift; path = TextPicker.swift; sourceTree = "<group>"; };
		FAC0BD62243934C100E24C9A /* NoiseGeneratorSwiftUI.entitlements */ = {isa = PBXFileReference; lastKnownFileType = text.plist.entitlements; path = NoiseGeneratorSwiftUI.entitlements; sourceTree = "<group>"; };
		FAC0BD63243934C100E24C9A /* AudioToolbox.framework */ = {isa = PBXFileReference; lastKnownFileType = wrapper.framework; name = AudioToolbox.framework; path = System/Library/Frameworks/AudioToolbox.framework; sourceTree = SDKROOT; };
		FAC8D759243B758C0010078B /* Audiobus.txt */ = {isa = PBXFileReference; lastKnownFileType = text; path = Audiobus.txt; sourceTree = "<group>"; };
		FAD334E6243E6410009B0DDF /* KnobControl.swift */ = {isa = PBXFileReference; lastKnownFileType = sourcecode.swift; path = KnobControl.swift; sourceTree = "<group>"; };
		FAFC1309243CF9AB009D1169 /* Knob.swift */ = {isa = PBXFileReference; lastKnownFileType = sourcecode.swift; path = Knob.swift; sourceTree = "<group>"; };
/* End PBXFileReference section */

/* Begin PBXFrameworksBuildPhase section */
		FA377A2F24317C3000CBE2C4 /* Frameworks */ = {
			isa = PBXFrameworksBuildPhase;
			buildActionMask = 2147483647;
			files = (
				FA377A4B24317C4500CBE2C4 /* AudioKit.framework in Frameworks */,
				36C5FA2E2026D572B0C1F79D /* Pods_NoiseGeneratorSwiftUI.framework in Frameworks */,
				FAC0BD64243934C100E24C9A /* AudioToolbox.framework in Frameworks */,
			);
			runOnlyForDeploymentPostprocessing = 0;
		};
/* End PBXFrameworksBuildPhase section */

/* Begin PBXGroup section */
		3993CA6712FCA3EEDF2A0E1D /* Pods */ = {
			isa = PBXGroup;
			children = (
				0914A6C9D5FC78F05DFBD3E7 /* Pods-NoiseGeneratorSwiftUI.debug.xcconfig */,
				1E8C7A89E1CA0BDFF621262F /* Pods-NoiseGeneratorSwiftUI.release.xcconfig */,
			);
			name = Pods;
			sourceTree = "<group>";
		};
		FA377A2924317C3000CBE2C4 = {
			isa = PBXGroup;
			children = (
				FA377A3424317C3000CBE2C4 /* NoiseGeneratorSwiftUI */,
				FA377A3324317C3000CBE2C4 /* Products */,
				FA377A4924317C4500CBE2C4 /* Frameworks */,
				3993CA6712FCA3EEDF2A0E1D /* Pods */,
			);
			sourceTree = "<group>";
		};
		FA377A3324317C3000CBE2C4 /* Products */ = {
			isa = PBXGroup;
			children = (
				FA377A3224317C3000CBE2C4 /* NoiseGeneratorSwiftUI.app */,
			);
			name = Products;
			sourceTree = "<group>";
		};
		FA377A3424317C3000CBE2C4 /* NoiseGeneratorSwiftUI */ = {
			isa = PBXGroup;
			children = (
				FAC8D759243B758C0010078B /* Audiobus.txt */,
				FA986B4B243B611000700156 /* Audiobus.swift */,
				FA986B4A243B604500700156 /* BridgingHeader.h */,
				FAC0BD62243934C100E24C9A /* NoiseGeneratorSwiftUI.entitlements */,
				FA377A3524317C3000CBE2C4 /* AppDelegate.swift */,
				FA377A3724317C3000CBE2C4 /* SceneDelegate.swift */,
				FA377A3924317C3000CBE2C4 /* ContentView.swift */,
				FA377A3B24317C3100CBE2C4 /* Assets.xcassets */,
				FA377A4024317C3100CBE2C4 /* LaunchScreen.storyboard */,
				FA377A4324317C3100CBE2C4 /* Info.plist */,
				FA377A3D24317C3100CBE2C4 /* Preview Content */,
				FA377A4E24317CAB00CBE2C4 /* NoiseModel.swift */,
				FA377A50243228DE00CBE2C4 /* TriangleControl.swift */,
				FA377A982434CD7A00CBE2C4 /* TriangleDrag.swift */,
				FAFC1309243CF9AB009D1169 /* Knob.swift */,
				FAD334E6243E6410009B0DDF /* KnobControl.swift */,
				FA4FDC70243F7C5600325F89 /* KnobComplete.swift */,
				FAA6F3FB2440D8BE0025DBFF /* TextPicker.swift */,
				FA855A812442575D0024787D /* PresetPicker.swift */,
				FA83C0232442EA8700568204 /* TwoControlTemplate.swift */,
			);
			path = NoiseGeneratorSwiftUI;
			sourceTree = "<group>";
		};
		FA377A3D24317C3100CBE2C4 /* Preview Content */ = {
			isa = PBXGroup;
			children = (
				FA377A3E24317C3100CBE2C4 /* Preview Assets.xcassets */,
			);
			path = "Preview Content";
			sourceTree = "<group>";
		};
		FA377A4924317C4500CBE2C4 /* Frameworks */ = {
			isa = PBXGroup;
			children = (
				FAC0BD63243934C100E24C9A /* AudioToolbox.framework */,
				FA377A4A24317C4500CBE2C4 /* AudioKit.framework */,
				ECB965A16E43419C819DD41B /* Pods_NoiseGeneratorSwiftUI.framework */,
			);
			name = Frameworks;
			sourceTree = "<group>";
		};
/* End PBXGroup section */

/* Begin PBXNativeTarget section */
		FA377A3124317C3000CBE2C4 /* NoiseGeneratorSwiftUI */ = {
			isa = PBXNativeTarget;
			buildConfigurationList = FA377A4624317C3100CBE2C4 /* Build configuration list for PBXNativeTarget "NoiseGeneratorSwiftUI" */;
			buildPhases = (
				F8087ADEF1C97090484C8C75 /* [CP] Check Pods Manifest.lock */,
				FA377A2E24317C3000CBE2C4 /* Sources */,
				FA377A2F24317C3000CBE2C4 /* Frameworks */,
				FA377A3024317C3000CBE2C4 /* Resources */,
				FA377A4D24317C4500CBE2C4 /* Embed Frameworks */,
			);
			buildRules = (
			);
			dependencies = (
			);
			name = NoiseGeneratorSwiftUI;
			productName = NoiseGeneratorSwiftUI;
			productReference = FA377A3224317C3000CBE2C4 /* NoiseGeneratorSwiftUI.app */;
			productType = "com.apple.product-type.application";
		};
/* End PBXNativeTarget section */

/* Begin PBXProject section */
		FA377A2A24317C3000CBE2C4 /* Project object */ = {
			isa = PBXProject;
			attributes = {
				LastSwiftUpdateCheck = 1140;
				LastUpgradeCheck = 1140;
				ORGANIZATIONNAME = "Matt Pfeiffer";
				TargetAttributes = {
					FA377A3124317C3000CBE2C4 = {
						CreatedOnToolsVersion = 11.4;
					};
				};
			};
			buildConfigurationList = FA377A2D24317C3000CBE2C4 /* Build configuration list for PBXProject "NoiseGeneratorSwiftUI" */;
			compatibilityVersion = "Xcode 9.3";
			developmentRegion = en;
			hasScannedForEncodings = 0;
			knownRegions = (
				en,
				Base,
			);
			mainGroup = FA377A2924317C3000CBE2C4;
			productRefGroup = FA377A3324317C3000CBE2C4 /* Products */;
			projectDirPath = "";
			projectRoot = "";
			targets = (
				FA377A3124317C3000CBE2C4 /* NoiseGeneratorSwiftUI */,
			);
		};
/* End PBXProject section */

/* Begin PBXResourcesBuildPhase section */
		FA377A3024317C3000CBE2C4 /* Resources */ = {
			isa = PBXResourcesBuildPhase;
			buildActionMask = 2147483647;
			files = (
				FA377A4224317C3100CBE2C4 /* LaunchScreen.storyboard in Resources */,
				FA377A3F24317C3100CBE2C4 /* Preview Assets.xcassets in Resources */,
				FAC8D75A243B758C0010078B /* Audiobus.txt in Resources */,
				FA377A3C24317C3100CBE2C4 /* Assets.xcassets in Resources */,
			);
			runOnlyForDeploymentPostprocessing = 0;
		};
/* End PBXResourcesBuildPhase section */

/* Begin PBXShellScriptBuildPhase section */
		F8087ADEF1C97090484C8C75 /* [CP] Check Pods Manifest.lock */ = {
			isa = PBXShellScriptBuildPhase;
			buildActionMask = 2147483647;
			files = (
			);
			inputPaths = (
				"${PODS_PODFILE_DIR_PATH}/Podfile.lock",
				"${PODS_ROOT}/Manifest.lock",
			);
			name = "[CP] Check Pods Manifest.lock";
			outputPaths = (
				"$(DERIVED_FILE_DIR)/Pods-NoiseGeneratorSwiftUI-checkManifestLockResult.txt",
			);
			runOnlyForDeploymentPostprocessing = 0;
			shellPath = /bin/sh;
			shellScript = "diff \"${PODS_PODFILE_DIR_PATH}/Podfile.lock\" \"${PODS_ROOT}/Manifest.lock\" > /dev/null\nif [ $? != 0 ] ; then\n    # print error to STDERR\n    echo \"error: The sandbox is not in sync with the Podfile.lock. Run 'pod install' or update your CocoaPods installation.\" >&2\n    exit 1\nfi\n# This output is used by Xcode 'outputs' to avoid re-running this script phase.\necho \"SUCCESS\" > \"${SCRIPT_OUTPUT_FILE_0}\"\n";
			showEnvVarsInLog = 0;
		};
/* End PBXShellScriptBuildPhase section */

/* Begin PBXSourcesBuildPhase section */
		FA377A2E24317C3000CBE2C4 /* Sources */ = {
			isa = PBXSourcesBuildPhase;
			buildActionMask = 2147483647;
			files = (
				FAD334E7243E6410009B0DDF /* KnobControl.swift in Sources */,
				FA377A3624317C3000CBE2C4 /* AppDelegate.swift in Sources */,
				FA4FDC71243F7C5600325F89 /* KnobComplete.swift in Sources */,
				FA377A51243228DE00CBE2C4 /* TriangleControl.swift in Sources */,
				FA377A3824317C3000CBE2C4 /* SceneDelegate.swift in Sources */,
				FA986B4C243B611000700156 /* Audiobus.swift in Sources */,
				FA855A822442575D0024787D /* PresetPicker.swift in Sources */,
				FA377A992434CD7A00CBE2C4 /* TriangleDrag.swift in Sources */,
				FA83C0242442EA8700568204 /* TwoControlTemplate.swift in Sources */,
				FA377A4F24317CAB00CBE2C4 /* NoiseModel.swift in Sources */,
				FA377A3A24317C3000CBE2C4 /* ContentView.swift in Sources */,
				FAFC130A243CF9AB009D1169 /* Knob.swift in Sources */,
				FAA6F3FC2440D8BE0025DBFF /* TextPicker.swift in Sources */,
			);
			runOnlyForDeploymentPostprocessing = 0;
		};
/* End PBXSourcesBuildPhase section */

/* Begin PBXVariantGroup section */
		FA377A4024317C3100CBE2C4 /* LaunchScreen.storyboard */ = {
			isa = PBXVariantGroup;
			children = (
				FA377A4124317C3100CBE2C4 /* Base */,
			);
			name = LaunchScreen.storyboard;
			sourceTree = "<group>";
		};
/* End PBXVariantGroup section */

/* Begin XCBuildConfiguration section */
		FA377A4424317C3100CBE2C4 /* Debug */ = {
			isa = XCBuildConfiguration;
			buildSettings = {
				ALWAYS_SEARCH_USER_PATHS = NO;
				CLANG_ANALYZER_NONNULL = YES;
				CLANG_ANALYZER_NUMBER_OBJECT_CONVERSION = YES_AGGRESSIVE;
				CLANG_CXX_LANGUAGE_STANDARD = "gnu++14";
				CLANG_CXX_LIBRARY = "libc++";
				CLANG_ENABLE_MODULES = YES;
				CLANG_ENABLE_OBJC_ARC = YES;
				CLANG_ENABLE_OBJC_WEAK = YES;
				CLANG_WARN_BLOCK_CAPTURE_AUTORELEASING = YES;
				CLANG_WARN_BOOL_CONVERSION = YES;
				CLANG_WARN_COMMA = YES;
				CLANG_WARN_CONSTANT_CONVERSION = YES;
				CLANG_WARN_DEPRECATED_OBJC_IMPLEMENTATIONS = YES;
				CLANG_WARN_DIRECT_OBJC_ISA_USAGE = YES_ERROR;
				CLANG_WARN_DOCUMENTATION_COMMENTS = YES;
				CLANG_WARN_EMPTY_BODY = YES;
				CLANG_WARN_ENUM_CONVERSION = YES;
				CLANG_WARN_INFINITE_RECURSION = YES;
				CLANG_WARN_INT_CONVERSION = YES;
				CLANG_WARN_NON_LITERAL_NULL_CONVERSION = YES;
				CLANG_WARN_OBJC_IMPLICIT_RETAIN_SELF = YES;
				CLANG_WARN_OBJC_LITERAL_CONVERSION = YES;
				CLANG_WARN_OBJC_ROOT_CLASS = YES_ERROR;
				CLANG_WARN_RANGE_LOOP_ANALYSIS = YES;
				CLANG_WARN_STRICT_PROTOTYPES = YES;
				CLANG_WARN_SUSPICIOUS_MOVE = YES;
				CLANG_WARN_UNGUARDED_AVAILABILITY = YES_AGGRESSIVE;
				CLANG_WARN_UNREACHABLE_CODE = YES;
				CLANG_WARN__DUPLICATE_METHOD_MATCH = YES;
				COPY_PHASE_STRIP = NO;
				DEBUG_INFORMATION_FORMAT = dwarf;
				ENABLE_STRICT_OBJC_MSGSEND = YES;
				ENABLE_TESTABILITY = YES;
				GCC_C_LANGUAGE_STANDARD = gnu11;
				GCC_DYNAMIC_NO_PIC = NO;
				GCC_NO_COMMON_BLOCKS = YES;
				GCC_OPTIMIZATION_LEVEL = 0;
				GCC_PREPROCESSOR_DEFINITIONS = (
					"DEBUG=1",
					"$(inherited)",
				);
				GCC_WARN_64_TO_32_BIT_CONVERSION = YES;
				GCC_WARN_ABOUT_RETURN_TYPE = YES_ERROR;
				GCC_WARN_UNDECLARED_SELECTOR = YES;
				GCC_WARN_UNINITIALIZED_AUTOS = YES_AGGRESSIVE;
				GCC_WARN_UNUSED_FUNCTION = YES;
				GCC_WARN_UNUSED_VARIABLE = YES;
				IPHONEOS_DEPLOYMENT_TARGET = 13.4;
				MTL_ENABLE_DEBUG_INFO = INCLUDE_SOURCE;
				MTL_FAST_MATH = YES;
				ONLY_ACTIVE_ARCH = YES;
				OTHER_LDFLAGS = "";
				SDKROOT = iphoneos;
				SWIFT_ACTIVE_COMPILATION_CONDITIONS = DEBUG;
				SWIFT_OBJC_BRIDGING_HEADER = "";
				SWIFT_OPTIMIZATION_LEVEL = "-Onone";
			};
			name = Debug;
		};
		FA377A4524317C3100CBE2C4 /* Release */ = {
			isa = XCBuildConfiguration;
			buildSettings = {
				ALWAYS_SEARCH_USER_PATHS = NO;
				CLANG_ANALYZER_NONNULL = YES;
				CLANG_ANALYZER_NUMBER_OBJECT_CONVERSION = YES_AGGRESSIVE;
				CLANG_CXX_LANGUAGE_STANDARD = "gnu++14";
				CLANG_CXX_LIBRARY = "libc++";
				CLANG_ENABLE_MODULES = YES;
				CLANG_ENABLE_OBJC_ARC = YES;
				CLANG_ENABLE_OBJC_WEAK = YES;
				CLANG_WARN_BLOCK_CAPTURE_AUTORELEASING = YES;
				CLANG_WARN_BOOL_CONVERSION = YES;
				CLANG_WARN_COMMA = YES;
				CLANG_WARN_CONSTANT_CONVERSION = YES;
				CLANG_WARN_DEPRECATED_OBJC_IMPLEMENTATIONS = YES;
				CLANG_WARN_DIRECT_OBJC_ISA_USAGE = YES_ERROR;
				CLANG_WARN_DOCUMENTATION_COMMENTS = YES;
				CLANG_WARN_EMPTY_BODY = YES;
				CLANG_WARN_ENUM_CONVERSION = YES;
				CLANG_WARN_INFINITE_RECURSION = YES;
				CLANG_WARN_INT_CONVERSION = YES;
				CLANG_WARN_NON_LITERAL_NULL_CONVERSION = YES;
				CLANG_WARN_OBJC_IMPLICIT_RETAIN_SELF = YES;
				CLANG_WARN_OBJC_LITERAL_CONVERSION = YES;
				CLANG_WARN_OBJC_ROOT_CLASS = YES_ERROR;
				CLANG_WARN_RANGE_LOOP_ANALYSIS = YES;
				CLANG_WARN_STRICT_PROTOTYPES = YES;
				CLANG_WARN_SUSPICIOUS_MOVE = YES;
				CLANG_WARN_UNGUARDED_AVAILABILITY = YES_AGGRESSIVE;
				CLANG_WARN_UNREACHABLE_CODE = YES;
				CLANG_WARN__DUPLICATE_METHOD_MATCH = YES;
				COPY_PHASE_STRIP = NO;
				DEBUG_INFORMATION_FORMAT = "dwarf-with-dsym";
				ENABLE_NS_ASSERTIONS = NO;
				ENABLE_STRICT_OBJC_MSGSEND = YES;
				GCC_C_LANGUAGE_STANDARD = gnu11;
				GCC_NO_COMMON_BLOCKS = YES;
				GCC_WARN_64_TO_32_BIT_CONVERSION = YES;
				GCC_WARN_ABOUT_RETURN_TYPE = YES_ERROR;
				GCC_WARN_UNDECLARED_SELECTOR = YES;
				GCC_WARN_UNINITIALIZED_AUTOS = YES_AGGRESSIVE;
				GCC_WARN_UNUSED_FUNCTION = YES;
				GCC_WARN_UNUSED_VARIABLE = YES;
				IPHONEOS_DEPLOYMENT_TARGET = 13.4;
				MTL_ENABLE_DEBUG_INFO = NO;
				MTL_FAST_MATH = YES;
				OTHER_LDFLAGS = "";
				SDKROOT = iphoneos;
				SWIFT_COMPILATION_MODE = wholemodule;
				SWIFT_OBJC_BRIDGING_HEADER = "";
				SWIFT_OPTIMIZATION_LEVEL = "-O";
				VALIDATE_PRODUCT = YES;
			};
			name = Release;
		};
		FA377A4724317C3100CBE2C4 /* Debug */ = {
			isa = XCBuildConfiguration;
			baseConfigurationReference = 0914A6C9D5FC78F05DFBD3E7 /* Pods-NoiseGeneratorSwiftUI.debug.xcconfig */;
			buildSettings = {
				ASSETCATALOG_COMPILER_APPICON_NAME = AppIcon;
				CODE_SIGN_ENTITLEMENTS = NoiseGeneratorSwiftUI/NoiseGeneratorSwiftUI.entitlements;
				CODE_SIGN_STYLE = Automatic;
				DEVELOPMENT_ASSET_PATHS = "\"NoiseGeneratorSwiftUI/Preview Content\"";
				DEVELOPMENT_TEAM = L2FL95P32D;
				ENABLE_PREVIEWS = YES;
				FRAMEWORK_SEARCH_PATHS = (
					"\"/Users/macbook/Sync/Code/Xcode/AudioDev/AudioKit-iOS\"",
					"\"/Users/macbook/Sync/Code/Xcode/AudioDev/Projects/NoiseGeneratorSwiftUI/NoiseGeneratorSwiftUI/Library/Audiobus\"",
				);
				INFOPLIST_FILE = NoiseGeneratorSwiftUI/Info.plist;
				LD_RUNPATH_SEARCH_PATHS = (
					"$(inherited)",
					"@executable_path/Frameworks",
				);
				LIBRARY_SEARCH_PATHS = (
					"$(inherited)",
					"$(PROJECT_DIR)/NoiseGeneratorSwiftUI",
				);
				OTHER_LDFLAGS = (
					"-lc++",
					"$(inherited)",
				);
				PRODUCT_BUNDLE_IDENTIFIER = com.MattPfeiffer.NoiseGeneratorSwiftUI;
				PRODUCT_NAME = "$(TARGET_NAME)";
				SWIFT_OBJC_BRIDGING_HEADER = "$(SRCROOT)/NoiseGeneratorSwiftUI/BridgingHeader.h";
				SWIFT_VERSION = 5.0;
				TARGETED_DEVICE_FAMILY = "1,2";
			};
			name = Debug;
		};
		FA377A4824317C3100CBE2C4 /* Release */ = {
			isa = XCBuildConfiguration;
			baseConfigurationReference = 1E8C7A89E1CA0BDFF621262F /* Pods-NoiseGeneratorSwiftUI.release.xcconfig */;
			buildSettings = {
				ASSETCATALOG_COMPILER_APPICON_NAME = AppIcon;
				CODE_SIGN_ENTITLEMENTS = NoiseGeneratorSwiftUI/NoiseGeneratorSwiftUI.entitlements;
				CODE_SIGN_STYLE = Automatic;
				DEVELOPMENT_ASSET_PATHS = "\"NoiseGeneratorSwiftUI/Preview Content\"";
				DEVELOPMENT_TEAM = L2FL95P32D;
				ENABLE_PREVIEWS = YES;
				FRAMEWORK_SEARCH_PATHS = (
					"\"/Users/macbook/Sync/Code/Xcode/AudioDev/AudioKit-iOS\"",
					"\"/Users/macbook/Sync/Code/Xcode/AudioDev/Projects/NoiseGeneratorSwiftUI/NoiseGeneratorSwiftUI/Library/Audiobus\"",
				);
				INFOPLIST_FILE = NoiseGeneratorSwiftUI/Info.plist;
				LD_RUNPATH_SEARCH_PATHS = (
					"$(inherited)",
					"@executable_path/Frameworks",
				);
				LIBRARY_SEARCH_PATHS = (
					"$(inherited)",
					"$(PROJECT_DIR)/NoiseGeneratorSwiftUI",
				);
				OTHER_LDFLAGS = (
					"-lc++",
					"$(inherited)",
				);
				PRODUCT_BUNDLE_IDENTIFIER = com.MattPfeiffer.NoiseGeneratorSwiftUI;
				PRODUCT_NAME = "$(TARGET_NAME)";
				SWIFT_OBJC_BRIDGING_HEADER = "$(SRCROOT)/NoiseGeneratorSwiftUI/BridgingHeader.h";
				SWIFT_VERSION = 5.0;
				TARGETED_DEVICE_FAMILY = "1,2";
			};
			name = Release;
		};
/* End XCBuildConfiguration section */

/* Begin XCConfigurationList section */
		FA377A2D24317C3000CBE2C4 /* Build configuration list for PBXProject "NoiseGeneratorSwiftUI" */ = {
			isa = XCConfigurationList;
			buildConfigurations = (
				FA377A4424317C3100CBE2C4 /* Debug */,
				FA377A4524317C3100CBE2C4 /* Release */,
			);
			defaultConfigurationIsVisible = 0;
			defaultConfigurationName = Release;
		};
		FA377A4624317C3100CBE2C4 /* Build configuration list for PBXNativeTarget "NoiseGeneratorSwiftUI" */ = {
			isa = XCConfigurationList;
			buildConfigurations = (
				FA377A4724317C3100CBE2C4 /* Debug */,
				FA377A4824317C3100CBE2C4 /* Release */,
			);
			defaultConfigurationIsVisible = 0;
			defaultConfigurationName = Release;
		};
/* End XCConfigurationList section */
	};
	rootObject = FA377A2A24317C3000CBE2C4 /* Project object */;
}
